// !$*UTF8*$!
{
	archiveVersion = 1;
	classes = {
	};
	objectVersion = 46;
	objects = {

/* Begin PBXAggregateTarget section */
		6F8602899D774F8A824509FF /* ZERO_CHECK */ = {
			isa = PBXAggregateTarget;
			buildConfigurationList = 898BA30659F64D3799781285 /* Build configuration list for PBXAggregateTarget "ZERO_CHECK" */;
			buildPhases = (
				EB60AC7ECC9D49099B9FBE9A /* CMake Rules */,
			);
			dependencies = (
			);
			name = ZERO_CHECK;
			productName = ZERO_CHECK;
		};
		A0C59AB6FF504115BFD29DEE /* ALL_BUILD */ = {
			isa = PBXAggregateTarget;
			buildConfigurationList = 8E6E18DF85C64167B5534157 /* Build configuration list for PBXAggregateTarget "ALL_BUILD" */;
			buildPhases = (
				8D030C3AC5584FC78F297DCE /* CMake Rules */,
			);
			dependencies = (
				3F41121CC6F1452E9A569941 /* PBXTargetDependency */,
				6899429BA7C842B0BC3420D4 /* PBXTargetDependency */,
			);
			name = ALL_BUILD;
			productName = ALL_BUILD;
		};
		D58CD7C1FDDE491ABD141D94 /* install */ = {
			isa = PBXAggregateTarget;
			buildConfigurationList = 9FFB2FA665F640A2B182F7C0 /* Build configuration list for PBXAggregateTarget "install" */;
			buildPhases = (
				BAEA18612F0947D18811D4A9 /* CMake PostBuild Rules */,
			);
			dependencies = (
				523500D1C1214D91A2D201D6 /* PBXTargetDependency */,
			);
			name = install;
			productName = install;
		};
/* End PBXAggregateTarget section */

/* Begin PBXBuildFile section */
		7FAA3BA3A5D648B3BA447CBF /* /Users/esevalero/Desktop/OnePointNav/matching/src/matching.cc */ = {isa = PBXBuildFile; fileRef = FA550C83EEC14A86B48B773E /* /Users/esevalero/Desktop/OnePointNav/matching/src/matching.cc */; };
		CE1B7154546644D5973A8C24 /* /Users/esevalero/Desktop/OnePointNav/matching/CMakeLists.txt */ = {isa = PBXBuildFile; fileRef = 9DED869BEA8243CBB01B52F3 /* /Users/esevalero/Desktop/OnePointNav/matching/CMakeLists.txt */; };
/* End PBXBuildFile section */

/* Begin PBXBuildStyle section */
		011CB10809DE49DF9C3D0DF3 /* RelWithDebInfo */ = {
			isa = PBXBuildStyle;
			buildSettings = {
				COPY_PHASE_STRIP = NO;
			};
			name = RelWithDebInfo;
		};
		6C48100083CD4256B885F01E /* Release */ = {
			isa = PBXBuildStyle;
			buildSettings = {
				COPY_PHASE_STRIP = NO;
			};
			name = Release;
		};
		7247C982D63D4A80A8EB1E06 /* Debug */ = {
			isa = PBXBuildStyle;
			buildSettings = {
				COPY_PHASE_STRIP = NO;
			};
			name = Debug;
		};
		9B7AABAC80C143F1B86ACBD2 /* MinSizeRel */ = {
			isa = PBXBuildStyle;
			buildSettings = {
				COPY_PHASE_STRIP = NO;
			};
			name = MinSizeRel;
		};
		AC326FF573154780811F1AFF = {
			isa = PBXBuildStyle;
		};
/* End PBXBuildStyle section */

/* Begin PBXContainerItemProxy section */
		1884045DCAEE48F6B0723A5F /* PBXContainerItemProxy */ = {
			isa = PBXContainerItemProxy;
			containerPortal = F8CBD1C143C84392BFE71CAD /* Project object */;
			proxyType = 1;
			remoteGlobalIDString = 6F8602899D774F8A824509FF;
			remoteInfo = ZERO_CHECK;
		};
		2D10C1D0F89944FDB4F0D7FA /* PBXContainerItemProxy */ = {
			isa = PBXContainerItemProxy;
			containerPortal = F8CBD1C143C84392BFE71CAD /* Project object */;
			proxyType = 1;
			remoteGlobalIDString = 8C58397242484FFA9AF8BE9E;
			remoteInfo = matching;
		};
		2D9A30A405E641FD8A4953F4 /* PBXContainerItemProxy */ = {
			isa = PBXContainerItemProxy;
			containerPortal = F8CBD1C143C84392BFE71CAD /* Project object */;
			proxyType = 1;
			remoteGlobalIDString = 6F8602899D774F8A824509FF;
			remoteInfo = ZERO_CHECK;
		};
		6F05A276C3934F458A820A7E /* PBXContainerItemProxy */ = {
			isa = PBXContainerItemProxy;
			containerPortal = F8CBD1C143C84392BFE71CAD /* Project object */;
			proxyType = 1;
			remoteGlobalIDString = A0C59AB6FF504115BFD29DEE;
			remoteInfo = ALL_BUILD;
		};
/* End PBXContainerItemProxy section */

/* Begin PBXFileReference section */
		8D745D1F63EC4954A5650F80 /* /Users/esevalero/Desktop/OnePointNav/matching/CMakeLists.txt */ = {isa = PBXFileReference; explicitFileType = sourcecode.text; fileEncoding = 4; name = CMakeLists.txt; path = CMakeLists.txt; sourceTree = SOURCE_ROOT; };
		9DED869BEA8243CBB01B52F3 /* /Users/esevalero/Desktop/OnePointNav/matching/CMakeLists.txt */ = {isa = PBXFileReference; explicitFileType = sourcecode.text; fileEncoding = 4; name = CMakeLists.txt; path = CMakeLists.txt; sourceTree = SOURCE_ROOT; };
		C58FDC546F434660BE5D221D /* matching */ = {isa = PBXFileReference; explicitFileType = "compiled.mach-o.executable"; path = matching; sourceTree = BUILT_PRODUCTS_DIR; };
		EF42A1B6520B489F8DE5D61A /* /Users/esevalero/Desktop/OnePointNav/matching/CMakeLists.txt */ = {isa = PBXFileReference; explicitFileType = sourcecode.text; fileEncoding = 4; name = CMakeLists.txt; path = CMakeLists.txt; sourceTree = SOURCE_ROOT; };
		FA550C83EEC14A86B48B773E /* /Users/esevalero/Desktop/OnePointNav/matching/src/matching.cc */ = {isa = PBXFileReference; explicitFileType = sourcecode.cpp.cpp; fileEncoding = 4; name = matching.cc; path = src/matching.cc; sourceTree = SOURCE_ROOT; };
/* End PBXFileReference section */

/* Begin PBXGroup section */
		220C186CF19F466B98A10F80 /* ZERO_CHECK */ = {
			isa = PBXGroup;
			children = (
				FEFAF43CADAE47F29C0F2FC5 /* CMake Rules */,
				EF42A1B6520B489F8DE5D61A /* /Users/esevalero/Desktop/OnePointNav/matching/CMakeLists.txt */,
			);
			name = ZERO_CHECK;
			sourceTree = "<group>";
		};
		7D3966F3D77E4B648E5148B7 /* Resources */ = {
			isa = PBXGroup;
			children = (
			);
			name = Resources;
			sourceTree = "<group>";
		};
		86AACD2D3B7B46DB8E4CD661 = {
			isa = PBXGroup;
			children = (
				F13917B9D81848DA9948E2E9 /* Sources */,
				7D3966F3D77E4B648E5148B7 /* Resources */,
				94E8FB063D504A80B04979D7 /* Products */,
			);
			sourceTree = "<group>";
		};
		89DFFD086E5840B486BCFA8E /* CMake Rules */ = {
			isa = PBXGroup;
			children = (
			);
			name = "CMake Rules";
			sourceTree = "<group>";
		};
		94E8FB063D504A80B04979D7 /* Products */ = {
			isa = PBXGroup;
			children = (
				C58FDC546F434660BE5D221D /* matching */,
			);
			name = Products;
			sourceTree = "<group>";
		};
		C9DE29687C3C470F909641DB /* Source Files */ = {
			isa = PBXGroup;
			children = (
				FA550C83EEC14A86B48B773E /* /Users/esevalero/Desktop/OnePointNav/matching/src/matching.cc */,
			);
			name = "Source Files";
			sourceTree = "<group>";
		};
		DBD6AA1C5692478FB1046E22 /* matching */ = {
			isa = PBXGroup;
			children = (
				C9DE29687C3C470F909641DB /* Source Files */,
				9DED869BEA8243CBB01B52F3 /* /Users/esevalero/Desktop/OnePointNav/matching/CMakeLists.txt */,
			);
			name = matching;
			sourceTree = "<group>";
		};
		E8B7CFA1626C45F3A35F12D1 /* ALL_BUILD */ = {
			isa = PBXGroup;
			children = (
				89DFFD086E5840B486BCFA8E /* CMake Rules */,
				8D745D1F63EC4954A5650F80 /* /Users/esevalero/Desktop/OnePointNav/matching/CMakeLists.txt */,
			);
			name = ALL_BUILD;
			sourceTree = "<group>";
		};
		F13917B9D81848DA9948E2E9 /* Sources */ = {
			isa = PBXGroup;
			children = (
				DBD6AA1C5692478FB1046E22 /* matching */,
				E8B7CFA1626C45F3A35F12D1 /* ALL_BUILD */,
				220C186CF19F466B98A10F80 /* ZERO_CHECK */,
			);
			name = Sources;
			sourceTree = "<group>";
		};
		FEFAF43CADAE47F29C0F2FC5 /* CMake Rules */ = {
			isa = PBXGroup;
			children = (
			);
			name = "CMake Rules";
			sourceTree = "<group>";
		};
/* End PBXGroup section */

/* Begin PBXNativeTarget section */
		8C58397242484FFA9AF8BE9E /* matching */ = {
			isa = PBXNativeTarget;
			buildConfigurationList = 2E89115BE5354608BFC3CD68 /* Build configuration list for PBXNativeTarget "matching" */;
			buildPhases = (
				6526CC6B63A14007B50EA750 /* Sources */,
			);
			buildRules = (
			);
			dependencies = (
				09569B96A4314E6186AA310D /* PBXTargetDependency */,
			);
			name = matching;
			productName = matching;
			productReference = C58FDC546F434660BE5D221D /* matching */;
			productType = "com.apple.product-type.tool";
		};
/* End PBXNativeTarget section */

/* Begin PBXProject section */
		F8CBD1C143C84392BFE71CAD /* Project object */ = {
			isa = PBXProject;
			attributes = {
				BuildIndependentTargetsInParallel = YES;
				LastUpgradeCheck = 0700;
			};
			buildConfigurationList = 81BDE70C2E75438DA66669AC /* Build configuration list for PBXProject "matching" */;
			buildSettings = {
			};
			buildStyles = (
				7247C982D63D4A80A8EB1E06 /* Debug */,
				6C48100083CD4256B885F01E /* Release */,
				9B7AABAC80C143F1B86ACBD2 /* MinSizeRel */,
				011CB10809DE49DF9C3D0DF3 /* RelWithDebInfo */,
			);
			compatibilityVersion = "Xcode 3.2";
			hasScannedForEncodings = 0;
			mainGroup = 86AACD2D3B7B46DB8E4CD661;
			projectDirPath = ../;
			projectRoot = "";
			targets = (
				A0C59AB6FF504115BFD29DEE /* ALL_BUILD */,
				6F8602899D774F8A824509FF /* ZERO_CHECK */,
				D58CD7C1FDDE491ABD141D94 /* install */,
				8C58397242484FFA9AF8BE9E /* matching */,
			);
		};
/* End PBXProject section */

/* Begin PBXShellScriptBuildPhase section */
		406FCC99B15A48238BBF9248 = {
			isa = PBXShellScriptBuildPhase;
			buildActionMask = 2147483647;
			files = (
			);
			inputPaths = (
			);
			outputPaths = (
			);
			runOnlyForDeploymentPostprocessing = 0;
			shellPath = /bin/sh;
			shellScript = "# shell script goes here
exit 0";
			showEnvVarsInLog = 0;
		};
		8D030C3AC5584FC78F297DCE /* CMake Rules */ = {
			isa = PBXShellScriptBuildPhase;
			buildActionMask = 2147483647;
			files = (
			);
			name = "CMake Rules";
			runOnlyForDeploymentPostprocessing = 0;
			shellPath = /bin/sh;
			shellScript = "make -C /Users/esevalero/Desktop/OnePointNav/matching/xcode -f /Users/esevalero/Desktop/OnePointNav/matching/xcode/CMakeScripts/ALL_BUILD_cmakeRulesBuildPhase.make$CONFIGURATION all";
			showEnvVarsInLog = 0;
		};
		B6562A9BF944446A8778B2BC = {
			isa = PBXShellScriptBuildPhase;
			buildActionMask = 2147483647;
			files = (
			);
			inputPaths = (
			);
			outputPaths = (
			);
			runOnlyForDeploymentPostprocessing = 0;
			shellPath = /bin/sh;
			shellScript = "# shell script goes here
exit 0";
			showEnvVarsInLog = 0;
		};
		BAEA18612F0947D18811D4A9 /* CMake PostBuild Rules */ = {
			isa = PBXShellScriptBuildPhase;
			buildActionMask = 2147483647;
			files = (
			);
			name = "CMake PostBuild Rules";
			runOnlyForDeploymentPostprocessing = 0;
			shellPath = /bin/sh;
			shellScript = "make -C /Users/esevalero/Desktop/OnePointNav/matching/xcode -f /Users/esevalero/Desktop/OnePointNav/matching/xcode/CMakeScripts/install_postBuildPhase.make$CONFIGURATION all";
			showEnvVarsInLog = 0;
		};
		C4FD37A4B62449E592818DB0 = {
			isa = PBXShellScriptBuildPhase;
			buildActionMask = 2147483647;
			files = (
			);
			inputPaths = (
			);
			outputPaths = (
			);
			runOnlyForDeploymentPostprocessing = 0;
			shellPath = /bin/sh;
			shellScript = "# shell script goes here
exit 0";
			showEnvVarsInLog = 0;
		};
		EB60AC7ECC9D49099B9FBE9A /* CMake Rules */ = {
			isa = PBXShellScriptBuildPhase;
			buildActionMask = 2147483647;
			files = (
			);
			name = "CMake Rules";
			runOnlyForDeploymentPostprocessing = 0;
			shellPath = /bin/sh;
			shellScript = "make -C /Users/esevalero/Desktop/OnePointNav/matching/xcode -f /Users/esevalero/Desktop/OnePointNav/matching/xcode/CMakeScripts/ZERO_CHECK_cmakeRulesBuildPhase.make$CONFIGURATION all";
			showEnvVarsInLog = 0;
		};
/* End PBXShellScriptBuildPhase section */

/* Begin PBXSourcesBuildPhase section */
		6526CC6B63A14007B50EA750 /* Sources */ = {
			isa = PBXSourcesBuildPhase;
			buildActionMask = 2147483647;
			files = (
				7FAA3BA3A5D648B3BA447CBF /* /Users/esevalero/Desktop/OnePointNav/matching/src/matching.cc */,
			);
			runOnlyForDeploymentPostprocessing = 0;
		};
/* End PBXSourcesBuildPhase section */

/* Begin PBXTargetDependency section */
		09569B96A4314E6186AA310D /* PBXTargetDependency */ = {
			isa = PBXTargetDependency;
			target = 6F8602899D774F8A824509FF /* ZERO_CHECK */;
			targetProxy = 2D9A30A405E641FD8A4953F4 /* PBXContainerItemProxy */;
		};
		3F41121CC6F1452E9A569941 /* PBXTargetDependency */ = {
			isa = PBXTargetDependency;
			target = 8C58397242484FFA9AF8BE9E /* matching */;
			targetProxy = 2D10C1D0F89944FDB4F0D7FA /* PBXContainerItemProxy */;
		};
		523500D1C1214D91A2D201D6 /* PBXTargetDependency */ = {
			isa = PBXTargetDependency;
			target = A0C59AB6FF504115BFD29DEE /* ALL_BUILD */;
			targetProxy = 6F05A276C3934F458A820A7E /* PBXContainerItemProxy */;
		};
		6899429BA7C842B0BC3420D4 /* PBXTargetDependency */ = {
			isa = PBXTargetDependency;
			target = 6F8602899D774F8A824509FF /* ZERO_CHECK */;
			targetProxy = 1884045DCAEE48F6B0723A5F /* PBXContainerItemProxy */;
		};
/* End PBXTargetDependency section */

/* Begin XCBuildConfiguration section */
		08592855C7B94A5894552FC6 /* Release */ = {
			isa = XCBuildConfiguration;
			buildSettings = {
				COMBINE_HIDPI_IMAGES = YES;
				GCC_GENERATE_DEBUGGING_SYMBOLS = YES;
				GCC_INLINES_ARE_PRIVATE_EXTERN = NO;
				GCC_OPTIMIZATION_LEVEL = 0;
				GCC_PREPROCESSOR_DEFINITIONS = ("'CMAKE_INTDIR=\"$(CONFIGURATION)$(EFFECTIVE_PLATFORM_NAME)\"'");
				GCC_SYMBOLS_PRIVATE_EXTERN = NO;
				INSTALL_PATH = "";
				OTHER_LDFLAGS = " ";
				OTHER_REZFLAGS = "";
				PRODUCT_NAME = install;
				SECTORDER_FLAGS = "";
				SYMROOT = /Users/esevalero/Desktop/OnePointNav/matching/xcode;
				USE_HEADERMAP = NO;
				WARNING_CFLAGS = ("-Wmost","-Wno-four-char-constants","-Wno-unknown-pragmas","$(inherited)");
			};
			name = Release;
		};
		09154EF0C3114450A66187EC /* Release */ = {
			isa = XCBuildConfiguration;
			buildSettings = {
				MACOSX_DEPLOYMENT_TARGET = 10.10;
				ONLY_ACTIVE_ARCH = YES;
				SDKROOT = /Applications/Xcode.app/Contents/Developer/Platforms/MacOSX.platform/Developer/SDKs/MacOSX10.11.sdk;
				SYMROOT = /Users/esevalero/Desktop/OnePointNav/matching/xcode/build;
			};
			name = Release;
		};
		0B04E430574848B4A8BB1DBE /* Release */ = {
			isa = XCBuildConfiguration;
			buildSettings = {
				COMBINE_HIDPI_IMAGES = YES;
				GCC_GENERATE_DEBUGGING_SYMBOLS = YES;
				GCC_INLINES_ARE_PRIVATE_EXTERN = NO;
				GCC_OPTIMIZATION_LEVEL = 0;
				GCC_PREPROCESSOR_DEFINITIONS = ("'CMAKE_INTDIR=\"$(CONFIGURATION)$(EFFECTIVE_PLATFORM_NAME)\"'");
				GCC_SYMBOLS_PRIVATE_EXTERN = NO;
				INSTALL_PATH = "";
				OTHER_LDFLAGS = " ";
				OTHER_REZFLAGS = "";
				PRODUCT_NAME = ALL_BUILD;
				SECTORDER_FLAGS = "";
				SYMROOT = /Users/esevalero/Desktop/OnePointNav/matching/xcode;
				USE_HEADERMAP = NO;
				WARNING_CFLAGS = ("-Wmost","-Wno-four-char-constants","-Wno-unknown-pragmas","$(inherited)");
			};
			name = Release;
		};
		17C068026C954FCDB58AC634 /* RelWithDebInfo */ = {
			isa = XCBuildConfiguration;
			buildSettings = {
				MACOSX_DEPLOYMENT_TARGET = 10.10;
				ONLY_ACTIVE_ARCH = YES;
				SDKROOT = /Applications/Xcode.app/Contents/Developer/Platforms/MacOSX.platform/Developer/SDKs/MacOSX10.11.sdk;
				SYMROOT = /Users/esevalero/Desktop/OnePointNav/matching/xcode/build;
			};
			name = RelWithDebInfo;
		};
		189BE8D1B39B45A49BB1BDCF /* MinSizeRel */ = {
			isa = XCBuildConfiguration;
			buildSettings = {
				MACOSX_DEPLOYMENT_TARGET = 10.10;
				ONLY_ACTIVE_ARCH = YES;
				SDKROOT = /Applications/Xcode.app/Contents/Developer/Platforms/MacOSX.platform/Developer/SDKs/MacOSX10.11.sdk;
				SYMROOT = /Users/esevalero/Desktop/OnePointNav/matching/xcode/build;
			};
			name = MinSizeRel;
		};
		27F6EB3400734A04BA5F7173 /* RelWithDebInfo */ = {
			isa = XCBuildConfiguration;
			buildSettings = {
				COMBINE_HIDPI_IMAGES = YES;
				GCC_GENERATE_DEBUGGING_SYMBOLS = YES;
				GCC_INLINES_ARE_PRIVATE_EXTERN = NO;
				GCC_OPTIMIZATION_LEVEL = 0;
				GCC_PREPROCESSOR_DEFINITIONS = ("'CMAKE_INTDIR=\"$(CONFIGURATION)$(EFFECTIVE_PLATFORM_NAME)\"'");
				GCC_SYMBOLS_PRIVATE_EXTERN = NO;
				INSTALL_PATH = "";
				OTHER_LDFLAGS = " ";
				OTHER_REZFLAGS = "";
				PRODUCT_NAME = ALL_BUILD;
				SECTORDER_FLAGS = "";
				SYMROOT = /Users/esevalero/Desktop/OnePointNav/matching/xcode;
				USE_HEADERMAP = NO;
				WARNING_CFLAGS = ("-Wmost","-Wno-four-char-constants","-Wno-unknown-pragmas","$(inherited)");
			};
			name = RelWithDebInfo;
		};
		2B8ACE9C471F42BC85E0BAD3 /* RelWithDebInfo */ = {
			isa = XCBuildConfiguration;
			buildSettings = {
				COMBINE_HIDPI_IMAGES = YES;
				GCC_GENERATE_DEBUGGING_SYMBOLS = YES;
				GCC_INLINES_ARE_PRIVATE_EXTERN = NO;
				GCC_OPTIMIZATION_LEVEL = 0;
				GCC_PREPROCESSOR_DEFINITIONS = ("'CMAKE_INTDIR=\"$(CONFIGURATION)$(EFFECTIVE_PLATFORM_NAME)\"'");
				GCC_SYMBOLS_PRIVATE_EXTERN = NO;
				INSTALL_PATH = "";
				OTHER_LDFLAGS = " ";
				OTHER_REZFLAGS = "";
				PRODUCT_NAME = ZERO_CHECK;
				SECTORDER_FLAGS = "";
				SYMROOT = /Users/esevalero/Desktop/OnePointNav/matching/xcode;
				USE_HEADERMAP = NO;
				WARNING_CFLAGS = ("-Wmost","-Wno-four-char-constants","-Wno-unknown-pragmas","$(inherited)");
			};
			name = RelWithDebInfo;
		};
		3BC43DF8E8FA40528A7646C3 /* Debug */ = {
			isa = XCBuildConfiguration;
			buildSettings = {
				COMBINE_HIDPI_IMAGES = YES;
				GCC_GENERATE_DEBUGGING_SYMBOLS = YES;
				GCC_INLINES_ARE_PRIVATE_EXTERN = NO;
				GCC_OPTIMIZATION_LEVEL = 0;
				GCC_PREPROCESSOR_DEFINITIONS = ("'CMAKE_INTDIR=\"$(CONFIGURATION)$(EFFECTIVE_PLATFORM_NAME)\"'");
				GCC_SYMBOLS_PRIVATE_EXTERN = NO;
				INSTALL_PATH = "";
				OTHER_LDFLAGS = " ";
				OTHER_REZFLAGS = "";
				PRODUCT_NAME = install;
				SECTORDER_FLAGS = "";
				SYMROOT = /Users/esevalero/Desktop/OnePointNav/matching/xcode;
				USE_HEADERMAP = NO;
				WARNING_CFLAGS = ("-Wmost","-Wno-four-char-constants","-Wno-unknown-pragmas","$(inherited)");
			};
			name = Debug;
		};
		3D3D66065AB84CF8AA24D1C5 /* Debug */ = {
			isa = XCBuildConfiguration;
			buildSettings = {
				COMBINE_HIDPI_IMAGES = YES;
				GCC_GENERATE_DEBUGGING_SYMBOLS = YES;
				GCC_INLINES_ARE_PRIVATE_EXTERN = NO;
				GCC_OPTIMIZATION_LEVEL = 0;
				GCC_PREPROCESSOR_DEFINITIONS = ("'CMAKE_INTDIR=\"$(CONFIGURATION)$(EFFECTIVE_PLATFORM_NAME)\"'");
				GCC_SYMBOLS_PRIVATE_EXTERN = NO;
				INSTALL_PATH = "";
				OTHER_LDFLAGS = " ";
				OTHER_REZFLAGS = "";
				PRODUCT_NAME = ALL_BUILD;
				SECTORDER_FLAGS = "";
				SYMROOT = /Users/esevalero/Desktop/OnePointNav/matching/xcode;
				USE_HEADERMAP = NO;
				WARNING_CFLAGS = ("-Wmost","-Wno-four-char-constants","-Wno-unknown-pragmas","$(inherited)");
			};
			name = Debug;
		};
		42AF77E8A2A446A89FE4886B /* Release */ = {
			isa = XCBuildConfiguration;
			buildSettings = {
				COMBINE_HIDPI_IMAGES = YES;
				GCC_GENERATE_DEBUGGING_SYMBOLS = YES;
				GCC_INLINES_ARE_PRIVATE_EXTERN = NO;
				GCC_OPTIMIZATION_LEVEL = 0;
				GCC_PREPROCESSOR_DEFINITIONS = ("'CMAKE_INTDIR=\"$(CONFIGURATION)$(EFFECTIVE_PLATFORM_NAME)\"'");
				GCC_SYMBOLS_PRIVATE_EXTERN = NO;
				INSTALL_PATH = "";
				OTHER_LDFLAGS = " ";
				OTHER_REZFLAGS = "";
				PRODUCT_NAME = ZERO_CHECK;
				SECTORDER_FLAGS = "";
				SYMROOT = /Users/esevalero/Desktop/OnePointNav/matching/xcode;
				USE_HEADERMAP = NO;
				WARNING_CFLAGS = ("-Wmost","-Wno-four-char-constants","-Wno-unknown-pragmas","$(inherited)");
			};
			name = Release;
		};
		45B5C866FA4742548DC2949E /* Release */ = {
			isa = XCBuildConfiguration;
			buildSettings = {
				COMBINE_HIDPI_IMAGES = YES;
				EXECUTABLE_PREFIX = "";
				EXECUTABLE_SUFFIX = "";
				GCC_GENERATE_DEBUGGING_SYMBOLS = NO;
				GCC_INLINES_ARE_PRIVATE_EXTERN = NO;
				GCC_OPTIMIZATION_LEVEL = 3;
				GCC_PREPROCESSOR_DEFINITIONS = ("'CMAKE_INTDIR=\"$(CONFIGURATION)$(EFFECTIVE_PLATFORM_NAME)\"'");
				GCC_SYMBOLS_PRIVATE_EXTERN = NO;
				INSTALL_PATH = "";
				LIBRARY_SEARCH_PATHS = "";
				OTHER_CPLUSPLUSFLAGS = "    -DNDEBUG   -std=c++14";
				OTHER_LDFLAGS = " -Wl,-search_paths_first -Wl,-headerpad_max_install_names  ";
				OTHER_REZFLAGS = "";
				PRODUCT_NAME = matching;
				SECTORDER_FLAGS = "";
				SYMROOT = /Users/esevalero/Desktop/OnePointNav/matching/xcode;
				USE_HEADERMAP = NO;
				WARNING_CFLAGS = ("-Wmost","-Wno-four-char-constants","-Wno-unknown-pragmas","$(inherited)");
			};
			name = Release;
		};
		4DC56EE9D4624B5C8BFD47E6 /* RelWithDebInfo */ = {
			isa = XCBuildConfiguration;
			buildSettings = {
				COMBINE_HIDPI_IMAGES = YES;
				GCC_GENERATE_DEBUGGING_SYMBOLS = YES;
				GCC_INLINES_ARE_PRIVATE_EXTERN = NO;
				GCC_OPTIMIZATION_LEVEL = 0;
				GCC_PREPROCESSOR_DEFINITIONS = ("'CMAKE_INTDIR=\"$(CONFIGURATION)$(EFFECTIVE_PLATFORM_NAME)\"'");
				GCC_SYMBOLS_PRIVATE_EXTERN = NO;
				INSTALL_PATH = "";
				OTHER_LDFLAGS = " ";
				OTHER_REZFLAGS = "";
				PRODUCT_NAME = install;
				SECTORDER_FLAGS = "";
				SYMROOT = /Users/esevalero/Desktop/OnePointNav/matching/xcode;
				USE_HEADERMAP = NO;
				WARNING_CFLAGS = ("-Wmost","-Wno-four-char-constants","-Wno-unknown-pragmas","$(inherited)");
			};
			name = RelWithDebInfo;
		};
		5C281E264BF84589979FC91A /* Debug */ = {
			isa = XCBuildConfiguration;
			buildSettings = {
				COMBINE_HIDPI_IMAGES = YES;
				EXECUTABLE_PREFIX = "";
				EXECUTABLE_SUFFIX = "";
				GCC_GENERATE_DEBUGGING_SYMBOLS = YES;
				GCC_INLINES_ARE_PRIVATE_EXTERN = NO;
				GCC_OPTIMIZATION_LEVEL = 0;
				GCC_PREPROCESSOR_DEFINITIONS = ("'CMAKE_INTDIR=\"$(CONFIGURATION)$(EFFECTIVE_PLATFORM_NAME)\"'");
				GCC_SYMBOLS_PRIVATE_EXTERN = NO;
				INSTALL_PATH = "";
				LIBRARY_SEARCH_PATHS = "";
				OTHER_CPLUSPLUSFLAGS = "     -std=c++14";
				OTHER_LDFLAGS = " -Wl,-search_paths_first -Wl,-headerpad_max_install_names  ";
				OTHER_REZFLAGS = "";
				PRODUCT_NAME = matching;
				SECTORDER_FLAGS = "";
				SYMROOT = /Users/esevalero/Desktop/OnePointNav/matching/xcode;
				USE_HEADERMAP = NO;
				WARNING_CFLAGS = ("-Wmost","-Wno-four-char-constants","-Wno-unknown-pragmas","$(inherited)");
			};
			name = Debug;
		};
		774D80D05E214F21811FE195 /* Debug */ = {
			isa = XCBuildConfiguration;
			buildSettings = {
				COMBINE_HIDPI_IMAGES = YES;
				GCC_GENERATE_DEBUGGING_SYMBOLS = YES;
				GCC_INLINES_ARE_PRIVATE_EXTERN = NO;
				GCC_OPTIMIZATION_LEVEL = 0;
				GCC_PREPROCESSOR_DEFINITIONS = ("'CMAKE_INTDIR=\"$(CONFIGURATION)$(EFFECTIVE_PLATFORM_NAME)\"'");
				GCC_SYMBOLS_PRIVATE_EXTERN = NO;
				INSTALL_PATH = "";
				OTHER_LDFLAGS = " ";
				OTHER_REZFLAGS = "";
				PRODUCT_NAME = ZERO_CHECK;
				SECTORDER_FLAGS = "";
				SYMROOT = /Users/esevalero/Desktop/OnePointNav/matching/xcode;
				USE_HEADERMAP = NO;
				WARNING_CFLAGS = ("-Wmost","-Wno-four-char-constants","-Wno-unknown-pragmas","$(inherited)");
			};
			name = Debug;
		};
		78DFC991FDB840289E6854B3 /* Debug */ = {
			isa = XCBuildConfiguration;
			buildSettings = {
				MACOSX_DEPLOYMENT_TARGET = 10.10;
				ONLY_ACTIVE_ARCH = YES;
				SDKROOT = /Applications/Xcode.app/Contents/Developer/Platforms/MacOSX.platform/Developer/SDKs/MacOSX10.11.sdk;
				SYMROOT = /Users/esevalero/Desktop/OnePointNav/matching/xcode/build;
			};
			name = Debug;
		};
		A90C04DD7D164C91A2077379 /* RelWithDebInfo */ = {
			isa = XCBuildConfiguration;
			buildSettings = {
				COMBINE_HIDPI_IMAGES = YES;
				EXECUTABLE_PREFIX = "";
				EXECUTABLE_SUFFIX = "";
				GCC_GENERATE_DEBUGGING_SYMBOLS = YES;
				GCC_INLINES_ARE_PRIVATE_EXTERN = NO;
				GCC_OPTIMIZATION_LEVEL = 2;
				GCC_PREPROCESSOR_DEFINITIONS = ("'CMAKE_INTDIR=\"$(CONFIGURATION)$(EFFECTIVE_PLATFORM_NAME)\"'");
				GCC_SYMBOLS_PRIVATE_EXTERN = NO;
				INSTALL_PATH = "";
				LIBRARY_SEARCH_PATHS = "";
				OTHER_CPLUSPLUSFLAGS = "       -DNDEBUG   -std=c++14";
				OTHER_LDFLAGS = " -Wl,-search_paths_first -Wl,-headerpad_max_install_names  ";
				OTHER_REZFLAGS = "";
				PRODUCT_NAME = matching;
				SECTORDER_FLAGS = "";
				SYMROOT = /Users/esevalero/Desktop/OnePointNav/matching/xcode;
				USE_HEADERMAP = NO;
				WARNING_CFLAGS = ("-Wmost","-Wno-four-char-constants","-Wno-unknown-pragmas","$(inherited)");
			};
			name = RelWithDebInfo;
		};
		C6AA6AA4B8D042BB815F5F73 /* MinSizeRel */ = {
			isa = XCBuildConfiguration;
			buildSettings = {
				COMBINE_HIDPI_IMAGES = YES;
				GCC_GENERATE_DEBUGGING_SYMBOLS = YES;
				GCC_INLINES_ARE_PRIVATE_EXTERN = NO;
				GCC_OPTIMIZATION_LEVEL = 0;
				GCC_PREPROCESSOR_DEFINITIONS = ("'CMAKE_INTDIR=\"$(CONFIGURATION)$(EFFECTIVE_PLATFORM_NAME)\"'");
				GCC_SYMBOLS_PRIVATE_EXTERN = NO;
				INSTALL_PATH = "";
				OTHER_LDFLAGS = " ";
				OTHER_REZFLAGS = "";
				PRODUCT_NAME = ZERO_CHECK;
				SECTORDER_FLAGS = "";
				SYMROOT = /Users/esevalero/Desktop/OnePointNav/matching/xcode;
				USE_HEADERMAP = NO;
				WARNING_CFLAGS = ("-Wmost","-Wno-four-char-constants","-Wno-unknown-pragmas","$(inherited)");
			};
			name = MinSizeRel;
		};
		D85F0B2B8A334EAFB1EACFDA /* MinSizeRel */ = {
			isa = XCBuildConfiguration;
			buildSettings = {
				COMBINE_HIDPI_IMAGES = YES;
				EXECUTABLE_PREFIX = "";
				EXECUTABLE_SUFFIX = "";
				GCC_GENERATE_DEBUGGING_SYMBOLS = NO;
				GCC_INLINES_ARE_PRIVATE_EXTERN = NO;
				GCC_OPTIMIZATION_LEVEL = s;
				GCC_PREPROCESSOR_DEFINITIONS = ("'CMAKE_INTDIR=\"$(CONFIGURATION)$(EFFECTIVE_PLATFORM_NAME)\"'");
				GCC_SYMBOLS_PRIVATE_EXTERN = NO;
				INSTALL_PATH = "";
				LIBRARY_SEARCH_PATHS = "";
				OTHER_CPLUSPLUSFLAGS = "    -DNDEBUG   -std=c++14";
				OTHER_LDFLAGS = " -Wl,-search_paths_first -Wl,-headerpad_max_install_names  ";
				OTHER_REZFLAGS = "";
				PRODUCT_NAME = matching;
				SECTORDER_FLAGS = "";
				SYMROOT = /Users/esevalero/Desktop/OnePointNav/matching/xcode;
				USE_HEADERMAP = NO;
				WARNING_CFLAGS = ("-Wmost","-Wno-four-char-constants","-Wno-unknown-pragmas","$(inherited)");
			};
			name = MinSizeRel;
		};
		E318E5FEC3C046EEB81D0BED /* MinSizeRel */ = {
			isa = XCBuildConfiguration;
			buildSettings = {
				COMBINE_HIDPI_IMAGES = YES;
				GCC_GENERATE_DEBUGGING_SYMBOLS = YES;
				GCC_INLINES_ARE_PRIVATE_EXTERN = NO;
				GCC_OPTIMIZATION_LEVEL = 0;
				GCC_PREPROCESSOR_DEFINITIONS = ("'CMAKE_INTDIR=\"$(CONFIGURATION)$(EFFECTIVE_PLATFORM_NAME)\"'");
				GCC_SYMBOLS_PRIVATE_EXTERN = NO;
				INSTALL_PATH = "";
				OTHER_LDFLAGS = " ";
				OTHER_REZFLAGS = "";
				PRODUCT_NAME = install;
				SECTORDER_FLAGS = "";
				SYMROOT = /Users/esevalero/Desktop/OnePointNav/matching/xcode;
				USE_HEADERMAP = NO;
				WARNING_CFLAGS = ("-Wmost","-Wno-four-char-constants","-Wno-unknown-pragmas","$(inherited)");
			};
			name = MinSizeRel;
		};
		F2F4E1B073224342B8CED8C5 /* MinSizeRel */ = {
			isa = XCBuildConfiguration;
			buildSettings = {
				COMBINE_HIDPI_IMAGES = YES;
				GCC_GENERATE_DEBUGGING_SYMBOLS = YES;
				GCC_INLINES_ARE_PRIVATE_EXTERN = NO;
				GCC_OPTIMIZATION_LEVEL = 0;
				GCC_PREPROCESSOR_DEFINITIONS = ("'CMAKE_INTDIR=\"$(CONFIGURATION)$(EFFECTIVE_PLATFORM_NAME)\"'");
				GCC_SYMBOLS_PRIVATE_EXTERN = NO;
				INSTALL_PATH = "";
				OTHER_LDFLAGS = " ";
				OTHER_REZFLAGS = "";
				PRODUCT_NAME = ALL_BUILD;
				SECTORDER_FLAGS = "";
				SYMROOT = /Users/esevalero/Desktop/OnePointNav/matching/xcode;
				USE_HEADERMAP = NO;
				WARNING_CFLAGS = ("-Wmost","-Wno-four-char-constants","-Wno-unknown-pragmas","$(inherited)");
			};
			name = MinSizeRel;
		};
/* End XCBuildConfiguration section */

/* Begin XCConfigurationList section */
		2E89115BE5354608BFC3CD68 /* Build configuration list for PBXNativeTarget "matching" */ = {
			isa = XCConfigurationList;
			buildConfigurations = (
				5C281E264BF84589979FC91A /* Debug */,
				45B5C866FA4742548DC2949E /* Release */,
				D85F0B2B8A334EAFB1EACFDA /* MinSizeRel */,
				A90C04DD7D164C91A2077379 /* RelWithDebInfo */,
			);
			defaultConfigurationIsVisible = 0;
			defaultConfigurationName = Debug;
		};
		81BDE70C2E75438DA66669AC /* Build configuration list for PBXProject "matching" */ = {
			isa = XCConfigurationList;
			buildConfigurations = (
				78DFC991FDB840289E6854B3 /* Debug */,
				09154EF0C3114450A66187EC /* Release */,
				189BE8D1B39B45A49BB1BDCF /* MinSizeRel */,
				17C068026C954FCDB58AC634 /* RelWithDebInfo */,
			);
			defaultConfigurationIsVisible = 0;
			defaultConfigurationName = Debug;
		};
		898BA30659F64D3799781285 /* Build configuration list for PBXAggregateTarget "ZERO_CHECK" */ = {
			isa = XCConfigurationList;
			buildConfigurations = (
				774D80D05E214F21811FE195 /* Debug */,
				42AF77E8A2A446A89FE4886B /* Release */,
				C6AA6AA4B8D042BB815F5F73 /* MinSizeRel */,
				2B8ACE9C471F42BC85E0BAD3 /* RelWithDebInfo */,
			);
			defaultConfigurationIsVisible = 0;
			defaultConfigurationName = Debug;
		};
		8E6E18DF85C64167B5534157 /* Build configuration list for PBXAggregateTarget "ALL_BUILD" */ = {
			isa = XCConfigurationList;
			buildConfigurations = (
				3D3D66065AB84CF8AA24D1C5 /* Debug */,
				0B04E430574848B4A8BB1DBE /* Release */,
				F2F4E1B073224342B8CED8C5 /* MinSizeRel */,
				27F6EB3400734A04BA5F7173 /* RelWithDebInfo */,
			);
			defaultConfigurationIsVisible = 0;
			defaultConfigurationName = Debug;
		};
		9FFB2FA665F640A2B182F7C0 /* Build configuration list for PBXAggregateTarget "install" */ = {
			isa = XCConfigurationList;
			buildConfigurations = (
				3BC43DF8E8FA40528A7646C3 /* Debug */,
				08592855C7B94A5894552FC6 /* Release */,
				E318E5FEC3C046EEB81D0BED /* MinSizeRel */,
				4DC56EE9D4624B5C8BFD47E6 /* RelWithDebInfo */,
			);
			defaultConfigurationIsVisible = 0;
			defaultConfigurationName = Debug;
		};
/* End XCConfigurationList section */
	};
	rootObject = F8CBD1C143C84392BFE71CAD /* Project object */;
}
