// !$*UTF8*$!
{
	archiveVersion = 1;
	classes = {
	};
	objectVersion = 46;
	objects = {

/* Begin PBXAggregateTarget section */
		47983E346FF441FF97C0276F /* install */ = {
			isa = PBXAggregateTarget;
			buildConfigurationList = 407C1467227740B0B2FDA245 /* Build configuration list for PBXAggregateTarget "install" */;
			buildPhases = (
				7A340BC107764450A46CAA1C /* CMake PostBuild Rules */,
			);
			dependencies = (
				E0606336B274458192E6F4AD /* PBXTargetDependency */,
			);
			name = install;
			productName = install;
		};
		8CC0EFC2F1A34E63979F3C06 /* ALL_BUILD */ = {
			isa = PBXAggregateTarget;
			buildConfigurationList = FB8241F65A8748EDA43C1582 /* Build configuration list for PBXAggregateTarget "ALL_BUILD" */;
			buildPhases = (
				2040F756351D41E88D45ED08 /* CMake Rules */,
			);
			dependencies = (
				7A427C89CFFE48F19A9F0507 /* PBXTargetDependency */,
				9C0357542F4D443EB4CCEA6B /* PBXTargetDependency */,
			);
			name = ALL_BUILD;
			productName = ALL_BUILD;
		};
		B881C25855F24D81A8CB0C98 /* ZERO_CHECK */ = {
			isa = PBXAggregateTarget;
			buildConfigurationList = AB499D759D18459EB13F226B /* Build configuration list for PBXAggregateTarget "ZERO_CHECK" */;
			buildPhases = (
				AA31DFC29B65499D9410EF30 /* CMake Rules */,
			);
			dependencies = (
			);
			name = ZERO_CHECK;
			productName = ZERO_CHECK;
		};
/* End PBXAggregateTarget section */

/* Begin PBXBuildFile section */
		12E99C08F1C54D95BFE25466 /* /Users/esevalero/Desktop/OnePointNav/strings/src/strings.cc */ = {isa = PBXBuildFile; fileRef = 4AF41AD1755A4443980C3A0E /* /Users/esevalero/Desktop/OnePointNav/strings/src/strings.cc */; };
		56AD06CC9A9348E098C2945E /* /Users/esevalero/Desktop/OnePointNav/strings/CMakeLists.txt */ = {isa = PBXBuildFile; fileRef = B545B4E16E83443AA48436D7 /* /Users/esevalero/Desktop/OnePointNav/strings/CMakeLists.txt */; };
/* End PBXBuildFile section */

/* Begin PBXBuildStyle section */
		05FF0B559C834FF990CBB421 /* Debug */ = {
			isa = PBXBuildStyle;
			buildSettings = {
				COPY_PHASE_STRIP = NO;
			};
			name = Debug;
		};
		0ED9357968B94F1983D0A50B /* RelWithDebInfo */ = {
			isa = PBXBuildStyle;
			buildSettings = {
				COPY_PHASE_STRIP = NO;
			};
			name = RelWithDebInfo;
		};
		84AAB8B70A0E41599237C6DF = {
			isa = PBXBuildStyle;
		};
		BAC4EF2FDCB747CFB0D111F4 /* Release */ = {
			isa = PBXBuildStyle;
			buildSettings = {
				COPY_PHASE_STRIP = NO;
			};
			name = Release;
		};
		D305027F7CA94DA4BB6D4268 /* MinSizeRel */ = {
			isa = PBXBuildStyle;
			buildSettings = {
				COPY_PHASE_STRIP = NO;
			};
			name = MinSizeRel;
		};
/* End PBXBuildStyle section */

/* Begin PBXContainerItemProxy section */
		17D99206A63E44D3BB774B94 /* PBXContainerItemProxy */ = {
			isa = PBXContainerItemProxy;
			containerPortal = DBE16BD2A337465F9FDD280A /* Project object */;
			proxyType = 1;
			remoteGlobalIDString = B881C25855F24D81A8CB0C98;
			remoteInfo = ZERO_CHECK;
		};
		3D1CE880147844C1BB28B9DA /* PBXContainerItemProxy */ = {
			isa = PBXContainerItemProxy;
			containerPortal = DBE16BD2A337465F9FDD280A /* Project object */;
			proxyType = 1;
			remoteGlobalIDString = B881C25855F24D81A8CB0C98;
			remoteInfo = ZERO_CHECK;
		};
		6B7D034C11364071A8E21626 /* PBXContainerItemProxy */ = {
			isa = PBXContainerItemProxy;
			containerPortal = DBE16BD2A337465F9FDD280A /* Project object */;
			proxyType = 1;
			remoteGlobalIDString = 8CC0EFC2F1A34E63979F3C06;
			remoteInfo = ALL_BUILD;
		};
		B2E1E6D998E9430BB82AEBF1 /* PBXContainerItemProxy */ = {
			isa = PBXContainerItemProxy;
			containerPortal = DBE16BD2A337465F9FDD280A /* Project object */;
			proxyType = 1;
			remoteGlobalIDString = F026D0A0F4394663B529AD10;
			remoteInfo = strings;
		};
/* End PBXContainerItemProxy section */

/* Begin PBXFileReference section */
		4AF41AD1755A4443980C3A0E /* /Users/esevalero/Desktop/OnePointNav/strings/src/strings.cc */ = {isa = PBXFileReference; explicitFileType = sourcecode.cpp.cpp; fileEncoding = 4; name = strings.cc; path = src/strings.cc; sourceTree = SOURCE_ROOT; };
		9611FC71CA414028B3A0E8B4 /* strings */ = {isa = PBXFileReference; explicitFileType = "compiled.mach-o.executable"; path = strings; sourceTree = BUILT_PRODUCTS_DIR; };
		ABD4AC0794DE4D88818F18F4 /* /Users/esevalero/Desktop/OnePointNav/strings/CMakeLists.txt */ = {isa = PBXFileReference; explicitFileType = sourcecode.text; fileEncoding = 4; name = CMakeLists.txt; path = CMakeLists.txt; sourceTree = SOURCE_ROOT; };
		B545B4E16E83443AA48436D7 /* /Users/esevalero/Desktop/OnePointNav/strings/CMakeLists.txt */ = {isa = PBXFileReference; explicitFileType = sourcecode.text; fileEncoding = 4; name = CMakeLists.txt; path = CMakeLists.txt; sourceTree = SOURCE_ROOT; };
		F12E8FCB7D4C4E4C825AA74B /* /Users/esevalero/Desktop/OnePointNav/strings/CMakeLists.txt */ = {isa = PBXFileReference; explicitFileType = sourcecode.text; fileEncoding = 4; name = CMakeLists.txt; path = CMakeLists.txt; sourceTree = SOURCE_ROOT; };
/* End PBXFileReference section */

/* Begin PBXGroup section */
		0735BF81FE0749A0B0D544F5 /* strings */ = {
			isa = PBXGroup;
			children = (
				FBBA7ACB1C024B5D8ADC46B4 /* Source Files */,
				B545B4E16E83443AA48436D7 /* /Users/esevalero/Desktop/OnePointNav/strings/CMakeLists.txt */,
			);
			name = strings;
			sourceTree = "<group>";
		};
		0EFA0B836A4E4F0C928249EE = {
			isa = PBXGroup;
			children = (
				58E9BDB4F49C48D9BB38F319 /* Sources */,
				E731DCD9350142B4BC273B5F /* Resources */,
				B290F9A4CA734A1788F9EB86 /* Products */,
			);
			sourceTree = "<group>";
		};
		12A982DFF50D42AF9A2180EC /* CMake Rules */ = {
			isa = PBXGroup;
			children = (
			);
			name = "CMake Rules";
			sourceTree = "<group>";
		};
		3B5281D16C9D4864AE6DE0E4 /* ZERO_CHECK */ = {
			isa = PBXGroup;
			children = (
				12A982DFF50D42AF9A2180EC /* CMake Rules */,
				F12E8FCB7D4C4E4C825AA74B /* /Users/esevalero/Desktop/OnePointNav/strings/CMakeLists.txt */,
			);
			name = ZERO_CHECK;
			sourceTree = "<group>";
		};
		48C4E1C1B82A4CFEA1DEEC03 /* CMake Rules */ = {
			isa = PBXGroup;
			children = (
			);
			name = "CMake Rules";
			sourceTree = "<group>";
		};
		4E446CB2B6784A35AE9E7B84 /* ALL_BUILD */ = {
			isa = PBXGroup;
			children = (
				48C4E1C1B82A4CFEA1DEEC03 /* CMake Rules */,
				ABD4AC0794DE4D88818F18F4 /* /Users/esevalero/Desktop/OnePointNav/strings/CMakeLists.txt */,
			);
			name = ALL_BUILD;
			sourceTree = "<group>";
		};
		58E9BDB4F49C48D9BB38F319 /* Sources */ = {
			isa = PBXGroup;
			children = (
				0735BF81FE0749A0B0D544F5 /* strings */,
				4E446CB2B6784A35AE9E7B84 /* ALL_BUILD */,
				3B5281D16C9D4864AE6DE0E4 /* ZERO_CHECK */,
			);
			name = Sources;
			sourceTree = "<group>";
		};
		B290F9A4CA734A1788F9EB86 /* Products */ = {
			isa = PBXGroup;
			children = (
				9611FC71CA414028B3A0E8B4 /* strings */,
			);
			name = Products;
			sourceTree = "<group>";
		};
		E731DCD9350142B4BC273B5F /* Resources */ = {
			isa = PBXGroup;
			children = (
			);
			name = Resources;
			sourceTree = "<group>";
		};
		FBBA7ACB1C024B5D8ADC46B4 /* Source Files */ = {
			isa = PBXGroup;
			children = (
				4AF41AD1755A4443980C3A0E /* /Users/esevalero/Desktop/OnePointNav/strings/src/strings.cc */,
			);
			name = "Source Files";
			sourceTree = "<group>";
		};
/* End PBXGroup section */

/* Begin PBXNativeTarget section */
		F026D0A0F4394663B529AD10 /* strings */ = {
			isa = PBXNativeTarget;
			buildConfigurationList = FD7E0F4FD80D47A5AA143E9C /* Build configuration list for PBXNativeTarget "strings" */;
			buildPhases = (
				716007CEFD704D7E8C3F35AB /* Sources */,
			);
			buildRules = (
			);
			dependencies = (
				22058F54DFF946ADB4E0C176 /* PBXTargetDependency */,
			);
			name = strings;
			productName = strings;
			productReference = 9611FC71CA414028B3A0E8B4 /* strings */;
			productType = "com.apple.product-type.tool";
		};
/* End PBXNativeTarget section */

/* Begin PBXProject section */
		DBE16BD2A337465F9FDD280A /* Project object */ = {
			isa = PBXProject;
			attributes = {
				BuildIndependentTargetsInParallel = YES;
				LastUpgradeCheck = 0700;
			};
			buildConfigurationList = 73177B4BFD7E4C1FA60B94E3 /* Build configuration list for PBXProject "strings" */;
			buildSettings = {
			};
			buildStyles = (
				05FF0B559C834FF990CBB421 /* Debug */,
				BAC4EF2FDCB747CFB0D111F4 /* Release */,
				D305027F7CA94DA4BB6D4268 /* MinSizeRel */,
				0ED9357968B94F1983D0A50B /* RelWithDebInfo */,
			);
			compatibilityVersion = "Xcode 3.2";
			hasScannedForEncodings = 0;
			mainGroup = 0EFA0B836A4E4F0C928249EE;
			projectDirPath = ../;
			projectRoot = "";
			targets = (
				8CC0EFC2F1A34E63979F3C06 /* ALL_BUILD */,
				B881C25855F24D81A8CB0C98 /* ZERO_CHECK */,
				47983E346FF441FF97C0276F /* install */,
				F026D0A0F4394663B529AD10 /* strings */,
			);
		};
/* End PBXProject section */

/* Begin PBXShellScriptBuildPhase section */
		0568997457834D76A88028C2 = {
			isa = PBXShellScriptBuildPhase;
			buildActionMask = 2147483647;
			files = (
			);
			inputPaths = (
			);
			outputPaths = (
			);
			runOnlyForDeploymentPostprocessing = 0;
			shellPath = /bin/sh;
			shellScript = "# shell script goes here
exit 0";
			showEnvVarsInLog = 0;
		};
		2040F756351D41E88D45ED08 /* CMake Rules */ = {
			isa = PBXShellScriptBuildPhase;
			buildActionMask = 2147483647;
			files = (
			);
			name = "CMake Rules";
			runOnlyForDeploymentPostprocessing = 0;
			shellPath = /bin/sh;
			shellScript = "make -C /Users/esevalero/Desktop/OnePointNav/strings/xcode -f /Users/esevalero/Desktop/OnePointNav/strings/xcode/CMakeScripts/ALL_BUILD_cmakeRulesBuildPhase.make$CONFIGURATION all";
			showEnvVarsInLog = 0;
		};
		5782D2094F9A4275AF9645D5 = {
			isa = PBXShellScriptBuildPhase;
			buildActionMask = 2147483647;
			files = (
			);
			inputPaths = (
			);
			outputPaths = (
			);
			runOnlyForDeploymentPostprocessing = 0;
			shellPath = /bin/sh;
			shellScript = "# shell script goes here
exit 0";
			showEnvVarsInLog = 0;
		};
		7A340BC107764450A46CAA1C /* CMake PostBuild Rules */ = {
			isa = PBXShellScriptBuildPhase;
			buildActionMask = 2147483647;
			files = (
			);
			name = "CMake PostBuild Rules";
			runOnlyForDeploymentPostprocessing = 0;
			shellPath = /bin/sh;
			shellScript = "make -C /Users/esevalero/Desktop/OnePointNav/strings/xcode -f /Users/esevalero/Desktop/OnePointNav/strings/xcode/CMakeScripts/install_postBuildPhase.make$CONFIGURATION all";
			showEnvVarsInLog = 0;
		};
		AA31DFC29B65499D9410EF30 /* CMake Rules */ = {
			isa = PBXShellScriptBuildPhase;
			buildActionMask = 2147483647;
			files = (
			);
			name = "CMake Rules";
			runOnlyForDeploymentPostprocessing = 0;
			shellPath = /bin/sh;
			shellScript = "make -C /Users/esevalero/Desktop/OnePointNav/strings/xcode -f /Users/esevalero/Desktop/OnePointNav/strings/xcode/CMakeScripts/ZERO_CHECK_cmakeRulesBuildPhase.make$CONFIGURATION all";
			showEnvVarsInLog = 0;
		};
		E3A73399AE2B40AFA5EE00FC = {
			isa = PBXShellScriptBuildPhase;
			buildActionMask = 2147483647;
			files = (
			);
			inputPaths = (
			);
			outputPaths = (
			);
			runOnlyForDeploymentPostprocessing = 0;
			shellPath = /bin/sh;
			shellScript = "# shell script goes here
exit 0";
			showEnvVarsInLog = 0;
		};
/* End PBXShellScriptBuildPhase section */

/* Begin PBXSourcesBuildPhase section */
		716007CEFD704D7E8C3F35AB /* Sources */ = {
			isa = PBXSourcesBuildPhase;
			buildActionMask = 2147483647;
			files = (
				12E99C08F1C54D95BFE25466 /* /Users/esevalero/Desktop/OnePointNav/strings/src/strings.cc */,
			);
			runOnlyForDeploymentPostprocessing = 0;
		};
/* End PBXSourcesBuildPhase section */

/* Begin PBXTargetDependency section */
		22058F54DFF946ADB4E0C176 /* PBXTargetDependency */ = {
			isa = PBXTargetDependency;
			target = B881C25855F24D81A8CB0C98 /* ZERO_CHECK */;
			targetProxy = 3D1CE880147844C1BB28B9DA /* PBXContainerItemProxy */;
		};
		7A427C89CFFE48F19A9F0507 /* PBXTargetDependency */ = {
			isa = PBXTargetDependency;
			target = B881C25855F24D81A8CB0C98 /* ZERO_CHECK */;
			targetProxy = 17D99206A63E44D3BB774B94 /* PBXContainerItemProxy */;
		};
		9C0357542F4D443EB4CCEA6B /* PBXTargetDependency */ = {
			isa = PBXTargetDependency;
			target = F026D0A0F4394663B529AD10 /* strings */;
			targetProxy = B2E1E6D998E9430BB82AEBF1 /* PBXContainerItemProxy */;
		};
		E0606336B274458192E6F4AD /* PBXTargetDependency */ = {
			isa = PBXTargetDependency;
			target = 8CC0EFC2F1A34E63979F3C06 /* ALL_BUILD */;
			targetProxy = 6B7D034C11364071A8E21626 /* PBXContainerItemProxy */;
		};
/* End PBXTargetDependency section */

/* Begin XCBuildConfiguration section */
		00DB2462F5914F0CA777E382 /* MinSizeRel */ = {
			isa = XCBuildConfiguration;
			buildSettings = {
				MACOSX_DEPLOYMENT_TARGET = 10.10;
				ONLY_ACTIVE_ARCH = YES;
				SDKROOT = /Applications/Xcode.app/Contents/Developer/Platforms/MacOSX.platform/Developer/SDKs/MacOSX10.11.sdk;
				SYMROOT = /Users/esevalero/Desktop/OnePointNav/strings/xcode/build;
			};
			name = MinSizeRel;
		};
		1C2BBF7BF1F045D19BFB7696 /* Debug */ = {
			isa = XCBuildConfiguration;
			buildSettings = {
				COMBINE_HIDPI_IMAGES = YES;
				GCC_GENERATE_DEBUGGING_SYMBOLS = YES;
				GCC_INLINES_ARE_PRIVATE_EXTERN = NO;
				GCC_OPTIMIZATION_LEVEL = 0;
				GCC_PREPROCESSOR_DEFINITIONS = ("'CMAKE_INTDIR=\"$(CONFIGURATION)$(EFFECTIVE_PLATFORM_NAME)\"'");
				GCC_SYMBOLS_PRIVATE_EXTERN = NO;
				INSTALL_PATH = "";
				OTHER_LDFLAGS = " ";
				OTHER_REZFLAGS = "";
				PRODUCT_NAME = install;
				SECTORDER_FLAGS = "";
				SYMROOT = /Users/esevalero/Desktop/OnePointNav/strings/xcode;
				USE_HEADERMAP = NO;
				WARNING_CFLAGS = ("-Wmost","-Wno-four-char-constants","-Wno-unknown-pragmas","$(inherited)");
			};
			name = Debug;
		};
		1EF474142892427B94E11078 /* RelWithDebInfo */ = {
			isa = XCBuildConfiguration;
			buildSettings = {
				COMBINE_HIDPI_IMAGES = YES;
				GCC_GENERATE_DEBUGGING_SYMBOLS = YES;
				GCC_INLINES_ARE_PRIVATE_EXTERN = NO;
				GCC_OPTIMIZATION_LEVEL = 0;
				GCC_PREPROCESSOR_DEFINITIONS = ("'CMAKE_INTDIR=\"$(CONFIGURATION)$(EFFECTIVE_PLATFORM_NAME)\"'");
				GCC_SYMBOLS_PRIVATE_EXTERN = NO;
				INSTALL_PATH = "";
				OTHER_LDFLAGS = " ";
				OTHER_REZFLAGS = "";
				PRODUCT_NAME = ZERO_CHECK;
				SECTORDER_FLAGS = "";
				SYMROOT = /Users/esevalero/Desktop/OnePointNav/strings/xcode;
				USE_HEADERMAP = NO;
				WARNING_CFLAGS = ("-Wmost","-Wno-four-char-constants","-Wno-unknown-pragmas","$(inherited)");
			};
			name = RelWithDebInfo;
		};
		4C542630D8D24BF8A99E4F4F /* Release */ = {
			isa = XCBuildConfiguration;
			buildSettings = {
				COMBINE_HIDPI_IMAGES = YES;
				GCC_GENERATE_DEBUGGING_SYMBOLS = YES;
				GCC_INLINES_ARE_PRIVATE_EXTERN = NO;
				GCC_OPTIMIZATION_LEVEL = 0;
				GCC_PREPROCESSOR_DEFINITIONS = ("'CMAKE_INTDIR=\"$(CONFIGURATION)$(EFFECTIVE_PLATFORM_NAME)\"'");
				GCC_SYMBOLS_PRIVATE_EXTERN = NO;
				INSTALL_PATH = "";
				OTHER_LDFLAGS = " ";
				OTHER_REZFLAGS = "";
				PRODUCT_NAME = install;
				SECTORDER_FLAGS = "";
				SYMROOT = /Users/esevalero/Desktop/OnePointNav/strings/xcode;
				USE_HEADERMAP = NO;
				WARNING_CFLAGS = ("-Wmost","-Wno-four-char-constants","-Wno-unknown-pragmas","$(inherited)");
			};
			name = Release;
		};
		60F4F1CCEA47481CA6C3745F /* MinSizeRel */ = {
			isa = XCBuildConfiguration;
			buildSettings = {
				COMBINE_HIDPI_IMAGES = YES;
				EXECUTABLE_PREFIX = "";
				EXECUTABLE_SUFFIX = "";
				GCC_GENERATE_DEBUGGING_SYMBOLS = NO;
				GCC_INLINES_ARE_PRIVATE_EXTERN = NO;
				GCC_OPTIMIZATION_LEVEL = s;
				GCC_PREPROCESSOR_DEFINITIONS = ("'CMAKE_INTDIR=\"$(CONFIGURATION)$(EFFECTIVE_PLATFORM_NAME)\"'");
				GCC_SYMBOLS_PRIVATE_EXTERN = NO;
				INSTALL_PATH = "";
				LIBRARY_SEARCH_PATHS = "";
				OTHER_CPLUSPLUSFLAGS = "    -DNDEBUG   -std=c++14";
				OTHER_LDFLAGS = " -Wl,-search_paths_first -Wl,-headerpad_max_install_names  ";
				OTHER_REZFLAGS = "";
				PRODUCT_NAME = strings;
				SECTORDER_FLAGS = "";
				SYMROOT = /Users/esevalero/Desktop/OnePointNav/strings/xcode;
				USE_HEADERMAP = NO;
				WARNING_CFLAGS = ("-Wmost","-Wno-four-char-constants","-Wno-unknown-pragmas","$(inherited)");
			};
			name = MinSizeRel;
		};
		619D3F68023B4C17ABB007BC /* RelWithDebInfo */ = {
			isa = XCBuildConfiguration;
			buildSettings = {
				COMBINE_HIDPI_IMAGES = YES;
				GCC_GENERATE_DEBUGGING_SYMBOLS = YES;
				GCC_INLINES_ARE_PRIVATE_EXTERN = NO;
				GCC_OPTIMIZATION_LEVEL = 0;
				GCC_PREPROCESSOR_DEFINITIONS = ("'CMAKE_INTDIR=\"$(CONFIGURATION)$(EFFECTIVE_PLATFORM_NAME)\"'");
				GCC_SYMBOLS_PRIVATE_EXTERN = NO;
				INSTALL_PATH = "";
				OTHER_LDFLAGS = " ";
				OTHER_REZFLAGS = "";
				PRODUCT_NAME = ALL_BUILD;
				SECTORDER_FLAGS = "";
				SYMROOT = /Users/esevalero/Desktop/OnePointNav/strings/xcode;
				USE_HEADERMAP = NO;
				WARNING_CFLAGS = ("-Wmost","-Wno-four-char-constants","-Wno-unknown-pragmas","$(inherited)");
			};
			name = RelWithDebInfo;
		};
		6351B5EF649E44EBACFF0007 /* RelWithDebInfo */ = {
			isa = XCBuildConfiguration;
			buildSettings = {
				MACOSX_DEPLOYMENT_TARGET = 10.10;
				ONLY_ACTIVE_ARCH = YES;
				SDKROOT = /Applications/Xcode.app/Contents/Developer/Platforms/MacOSX.platform/Developer/SDKs/MacOSX10.11.sdk;
				SYMROOT = /Users/esevalero/Desktop/OnePointNav/strings/xcode/build;
			};
			name = RelWithDebInfo;
		};
		695A1E4C66F04F699CD823B7 /* RelWithDebInfo */ = {
			isa = XCBuildConfiguration;
			buildSettings = {
				COMBINE_HIDPI_IMAGES = YES;
				EXECUTABLE_PREFIX = "";
				EXECUTABLE_SUFFIX = "";
				GCC_GENERATE_DEBUGGING_SYMBOLS = YES;
				GCC_INLINES_ARE_PRIVATE_EXTERN = NO;
				GCC_OPTIMIZATION_LEVEL = 2;
				GCC_PREPROCESSOR_DEFINITIONS = ("'CMAKE_INTDIR=\"$(CONFIGURATION)$(EFFECTIVE_PLATFORM_NAME)\"'");
				GCC_SYMBOLS_PRIVATE_EXTERN = NO;
				INSTALL_PATH = "";
				LIBRARY_SEARCH_PATHS = "";
				OTHER_CPLUSPLUSFLAGS = "       -DNDEBUG   -std=c++14";
				OTHER_LDFLAGS = " -Wl,-search_paths_first -Wl,-headerpad_max_install_names  ";
				OTHER_REZFLAGS = "";
				PRODUCT_NAME = strings;
				SECTORDER_FLAGS = "";
				SYMROOT = /Users/esevalero/Desktop/OnePointNav/strings/xcode;
				USE_HEADERMAP = NO;
				WARNING_CFLAGS = ("-Wmost","-Wno-four-char-constants","-Wno-unknown-pragmas","$(inherited)");
			};
			name = RelWithDebInfo;
		};
		73B023DC03A04C2FB56CA594 /* Debug */ = {
			isa = XCBuildConfiguration;
			buildSettings = {
				COMBINE_HIDPI_IMAGES = YES;
				GCC_GENERATE_DEBUGGING_SYMBOLS = YES;
				GCC_INLINES_ARE_PRIVATE_EXTERN = NO;
				GCC_OPTIMIZATION_LEVEL = 0;
				GCC_PREPROCESSOR_DEFINITIONS = ("'CMAKE_INTDIR=\"$(CONFIGURATION)$(EFFECTIVE_PLATFORM_NAME)\"'");
				GCC_SYMBOLS_PRIVATE_EXTERN = NO;
				INSTALL_PATH = "";
				OTHER_LDFLAGS = " ";
				OTHER_REZFLAGS = "";
				PRODUCT_NAME = ALL_BUILD;
				SECTORDER_FLAGS = "";
				SYMROOT = /Users/esevalero/Desktop/OnePointNav/strings/xcode;
				USE_HEADERMAP = NO;
				WARNING_CFLAGS = ("-Wmost","-Wno-four-char-constants","-Wno-unknown-pragmas","$(inherited)");
			};
			name = Debug;
		};
		864EFE50A6284412946AF8BD /* RelWithDebInfo */ = {
			isa = XCBuildConfiguration;
			buildSettings = {
				COMBINE_HIDPI_IMAGES = YES;
				GCC_GENERATE_DEBUGGING_SYMBOLS = YES;
				GCC_INLINES_ARE_PRIVATE_EXTERN = NO;
				GCC_OPTIMIZATION_LEVEL = 0;
				GCC_PREPROCESSOR_DEFINITIONS = ("'CMAKE_INTDIR=\"$(CONFIGURATION)$(EFFECTIVE_PLATFORM_NAME)\"'");
				GCC_SYMBOLS_PRIVATE_EXTERN = NO;
				INSTALL_PATH = "";
				OTHER_LDFLAGS = " ";
				OTHER_REZFLAGS = "";
				PRODUCT_NAME = install;
				SECTORDER_FLAGS = "";
				SYMROOT = /Users/esevalero/Desktop/OnePointNav/strings/xcode;
				USE_HEADERMAP = NO;
				WARNING_CFLAGS = ("-Wmost","-Wno-four-char-constants","-Wno-unknown-pragmas","$(inherited)");
			};
			name = RelWithDebInfo;
		};
		8949211EB71147AE8083D8E4 /* Debug */ = {
			isa = XCBuildConfiguration;
			buildSettings = {
				COMBINE_HIDPI_IMAGES = YES;
				EXECUTABLE_PREFIX = "";
				EXECUTABLE_SUFFIX = "";
				GCC_GENERATE_DEBUGGING_SYMBOLS = YES;
				GCC_INLINES_ARE_PRIVATE_EXTERN = NO;
				GCC_OPTIMIZATION_LEVEL = 0;
				GCC_PREPROCESSOR_DEFINITIONS = ("'CMAKE_INTDIR=\"$(CONFIGURATION)$(EFFECTIVE_PLATFORM_NAME)\"'");
				GCC_SYMBOLS_PRIVATE_EXTERN = NO;
				INSTALL_PATH = "";
				LIBRARY_SEARCH_PATHS = "";
				OTHER_CPLUSPLUSFLAGS = "     -std=c++14";
				OTHER_LDFLAGS = " -Wl,-search_paths_first -Wl,-headerpad_max_install_names  ";
				OTHER_REZFLAGS = "";
				PRODUCT_NAME = strings;
				SECTORDER_FLAGS = "";
				SYMROOT = /Users/esevalero/Desktop/OnePointNav/strings/xcode;
				USE_HEADERMAP = NO;
				WARNING_CFLAGS = ("-Wmost","-Wno-four-char-constants","-Wno-unknown-pragmas","$(inherited)");
			};
			name = Debug;
		};
		9074CE46F1A048529AEAD744 /* MinSizeRel */ = {
			isa = XCBuildConfiguration;
			buildSettings = {
				COMBINE_HIDPI_IMAGES = YES;
				GCC_GENERATE_DEBUGGING_SYMBOLS = YES;
				GCC_INLINES_ARE_PRIVATE_EXTERN = NO;
				GCC_OPTIMIZATION_LEVEL = 0;
				GCC_PREPROCESSOR_DEFINITIONS = ("'CMAKE_INTDIR=\"$(CONFIGURATION)$(EFFECTIVE_PLATFORM_NAME)\"'");
				GCC_SYMBOLS_PRIVATE_EXTERN = NO;
				INSTALL_PATH = "";
				OTHER_LDFLAGS = " ";
				OTHER_REZFLAGS = "";
				PRODUCT_NAME = install;
				SECTORDER_FLAGS = "";
				SYMROOT = /Users/esevalero/Desktop/OnePointNav/strings/xcode;
				USE_HEADERMAP = NO;
				WARNING_CFLAGS = ("-Wmost","-Wno-four-char-constants","-Wno-unknown-pragmas","$(inherited)");
			};
			name = MinSizeRel;
		};
		90F9FC3371C8454E985F87F5 /* Release */ = {
			isa = XCBuildConfiguration;
			buildSettings = {
				COMBINE_HIDPI_IMAGES = YES;
				EXECUTABLE_PREFIX = "";
				EXECUTABLE_SUFFIX = "";
				GCC_GENERATE_DEBUGGING_SYMBOLS = NO;
				GCC_INLINES_ARE_PRIVATE_EXTERN = NO;
				GCC_OPTIMIZATION_LEVEL = 3;
				GCC_PREPROCESSOR_DEFINITIONS = ("'CMAKE_INTDIR=\"$(CONFIGURATION)$(EFFECTIVE_PLATFORM_NAME)\"'");
				GCC_SYMBOLS_PRIVATE_EXTERN = NO;
				INSTALL_PATH = "";
				LIBRARY_SEARCH_PATHS = "";
				OTHER_CPLUSPLUSFLAGS = "    -DNDEBUG   -std=c++14";
				OTHER_LDFLAGS = " -Wl,-search_paths_first -Wl,-headerpad_max_install_names  ";
				OTHER_REZFLAGS = "";
				PRODUCT_NAME = strings;
				SECTORDER_FLAGS = "";
				SYMROOT = /Users/esevalero/Desktop/OnePointNav/strings/xcode;
				USE_HEADERMAP = NO;
				WARNING_CFLAGS = ("-Wmost","-Wno-four-char-constants","-Wno-unknown-pragmas","$(inherited)");
			};
			name = Release;
		};
		AD6DE306257C47488E8EEAB5 /* Debug */ = {
			isa = XCBuildConfiguration;
			buildSettings = {
				MACOSX_DEPLOYMENT_TARGET = 10.10;
				ONLY_ACTIVE_ARCH = YES;
				SDKROOT = /Applications/Xcode.app/Contents/Developer/Platforms/MacOSX.platform/Developer/SDKs/MacOSX10.11.sdk;
				SYMROOT = /Users/esevalero/Desktop/OnePointNav/strings/xcode/build;
			};
			name = Debug;
		};
		B703EF4E5D0E4BD483F3AA03 /* MinSizeRel */ = {
			isa = XCBuildConfiguration;
			buildSettings = {
				COMBINE_HIDPI_IMAGES = YES;
				GCC_GENERATE_DEBUGGING_SYMBOLS = YES;
				GCC_INLINES_ARE_PRIVATE_EXTERN = NO;
				GCC_OPTIMIZATION_LEVEL = 0;
				GCC_PREPROCESSOR_DEFINITIONS = ("'CMAKE_INTDIR=\"$(CONFIGURATION)$(EFFECTIVE_PLATFORM_NAME)\"'");
				GCC_SYMBOLS_PRIVATE_EXTERN = NO;
				INSTALL_PATH = "";
				OTHER_LDFLAGS = " ";
				OTHER_REZFLAGS = "";
				PRODUCT_NAME = ALL_BUILD;
				SECTORDER_FLAGS = "";
				SYMROOT = /Users/esevalero/Desktop/OnePointNav/strings/xcode;
				USE_HEADERMAP = NO;
				WARNING_CFLAGS = ("-Wmost","-Wno-four-char-constants","-Wno-unknown-pragmas","$(inherited)");
			};
			name = MinSizeRel;
		};
		BF13BF9D41F9469C9BFF6CC4 /* Debug */ = {
			isa = XCBuildConfiguration;
			buildSettings = {
				COMBINE_HIDPI_IMAGES = YES;
				GCC_GENERATE_DEBUGGING_SYMBOLS = YES;
				GCC_INLINES_ARE_PRIVATE_EXTERN = NO;
				GCC_OPTIMIZATION_LEVEL = 0;
				GCC_PREPROCESSOR_DEFINITIONS = ("'CMAKE_INTDIR=\"$(CONFIGURATION)$(EFFECTIVE_PLATFORM_NAME)\"'");
				GCC_SYMBOLS_PRIVATE_EXTERN = NO;
				INSTALL_PATH = "";
				OTHER_LDFLAGS = " ";
				OTHER_REZFLAGS = "";
				PRODUCT_NAME = ZERO_CHECK;
				SECTORDER_FLAGS = "";
				SYMROOT = /Users/esevalero/Desktop/OnePointNav/strings/xcode;
				USE_HEADERMAP = NO;
				WARNING_CFLAGS = ("-Wmost","-Wno-four-char-constants","-Wno-unknown-pragmas","$(inherited)");
			};
			name = Debug;
		};
		C14E5CC1C576422780862E72 /* Release */ = {
			isa = XCBuildConfiguration;
			buildSettings = {
				MACOSX_DEPLOYMENT_TARGET = 10.10;
				ONLY_ACTIVE_ARCH = YES;
				SDKROOT = /Applications/Xcode.app/Contents/Developer/Platforms/MacOSX.platform/Developer/SDKs/MacOSX10.11.sdk;
				SYMROOT = /Users/esevalero/Desktop/OnePointNav/strings/xcode/build;
			};
			name = Release;
		};
		C98B7BD9894640638B025ADC /* Release */ = {
			isa = XCBuildConfiguration;
			buildSettings = {
				COMBINE_HIDPI_IMAGES = YES;
				GCC_GENERATE_DEBUGGING_SYMBOLS = YES;
				GCC_INLINES_ARE_PRIVATE_EXTERN = NO;
				GCC_OPTIMIZATION_LEVEL = 0;
				GCC_PREPROCESSOR_DEFINITIONS = ("'CMAKE_INTDIR=\"$(CONFIGURATION)$(EFFECTIVE_PLATFORM_NAME)\"'");
				GCC_SYMBOLS_PRIVATE_EXTERN = NO;
				INSTALL_PATH = "";
				OTHER_LDFLAGS = " ";
				OTHER_REZFLAGS = "";
				PRODUCT_NAME = ZERO_CHECK;
				SECTORDER_FLAGS = "";
				SYMROOT = /Users/esevalero/Desktop/OnePointNav/strings/xcode;
				USE_HEADERMAP = NO;
				WARNING_CFLAGS = ("-Wmost","-Wno-four-char-constants","-Wno-unknown-pragmas","$(inherited)");
			};
			name = Release;
		};
		EC06A40467A944CF9F1B231B /* Release */ = {
			isa = XCBuildConfiguration;
			buildSettings = {
				COMBINE_HIDPI_IMAGES = YES;
				GCC_GENERATE_DEBUGGING_SYMBOLS = YES;
				GCC_INLINES_ARE_PRIVATE_EXTERN = NO;
				GCC_OPTIMIZATION_LEVEL = 0;
				GCC_PREPROCESSOR_DEFINITIONS = ("'CMAKE_INTDIR=\"$(CONFIGURATION)$(EFFECTIVE_PLATFORM_NAME)\"'");
				GCC_SYMBOLS_PRIVATE_EXTERN = NO;
				INSTALL_PATH = "";
				OTHER_LDFLAGS = " ";
				OTHER_REZFLAGS = "";
				PRODUCT_NAME = ALL_BUILD;
				SECTORDER_FLAGS = "";
				SYMROOT = /Users/esevalero/Desktop/OnePointNav/strings/xcode;
				USE_HEADERMAP = NO;
				WARNING_CFLAGS = ("-Wmost","-Wno-four-char-constants","-Wno-unknown-pragmas","$(inherited)");
			};
			name = Release;
		};
		F34ECE7F1E2743EABC70CABE /* MinSizeRel */ = {
			isa = XCBuildConfiguration;
			buildSettings = {
				COMBINE_HIDPI_IMAGES = YES;
				GCC_GENERATE_DEBUGGING_SYMBOLS = YES;
				GCC_INLINES_ARE_PRIVATE_EXTERN = NO;
				GCC_OPTIMIZATION_LEVEL = 0;
				GCC_PREPROCESSOR_DEFINITIONS = ("'CMAKE_INTDIR=\"$(CONFIGURATION)$(EFFECTIVE_PLATFORM_NAME)\"'");
				GCC_SYMBOLS_PRIVATE_EXTERN = NO;
				INSTALL_PATH = "";
				OTHER_LDFLAGS = " ";
				OTHER_REZFLAGS = "";
				PRODUCT_NAME = ZERO_CHECK;
				SECTORDER_FLAGS = "";
				SYMROOT = /Users/esevalero/Desktop/OnePointNav/strings/xcode;
				USE_HEADERMAP = NO;
				WARNING_CFLAGS = ("-Wmost","-Wno-four-char-constants","-Wno-unknown-pragmas","$(inherited)");
			};
			name = MinSizeRel;
		};
/* End XCBuildConfiguration section */

/* Begin XCConfigurationList section */
		407C1467227740B0B2FDA245 /* Build configuration list for PBXAggregateTarget "install" */ = {
			isa = XCConfigurationList;
			buildConfigurations = (
				1C2BBF7BF1F045D19BFB7696 /* Debug */,
				4C542630D8D24BF8A99E4F4F /* Release */,
				9074CE46F1A048529AEAD744 /* MinSizeRel */,
				864EFE50A6284412946AF8BD /* RelWithDebInfo */,
			);
			defaultConfigurationIsVisible = 0;
			defaultConfigurationName = Debug;
		};
		73177B4BFD7E4C1FA60B94E3 /* Build configuration list for PBXProject "strings" */ = {
			isa = XCConfigurationList;
			buildConfigurations = (
				AD6DE306257C47488E8EEAB5 /* Debug */,
				C14E5CC1C576422780862E72 /* Release */,
				00DB2462F5914F0CA777E382 /* MinSizeRel */,
				6351B5EF649E44EBACFF0007 /* RelWithDebInfo */,
			);
			defaultConfigurationIsVisible = 0;
			defaultConfigurationName = Debug;
		};
		AB499D759D18459EB13F226B /* Build configuration list for PBXAggregateTarget "ZERO_CHECK" */ = {
			isa = XCConfigurationList;
			buildConfigurations = (
				BF13BF9D41F9469C9BFF6CC4 /* Debug */,
				C98B7BD9894640638B025ADC /* Release */,
				F34ECE7F1E2743EABC70CABE /* MinSizeRel */,
				1EF474142892427B94E11078 /* RelWithDebInfo */,
			);
			defaultConfigurationIsVisible = 0;
			defaultConfigurationName = Debug;
		};
		FB8241F65A8748EDA43C1582 /* Build configuration list for PBXAggregateTarget "ALL_BUILD" */ = {
			isa = XCConfigurationList;
			buildConfigurations = (
				73B023DC03A04C2FB56CA594 /* Debug */,
				EC06A40467A944CF9F1B231B /* Release */,
				B703EF4E5D0E4BD483F3AA03 /* MinSizeRel */,
				619D3F68023B4C17ABB007BC /* RelWithDebInfo */,
			);
			defaultConfigurationIsVisible = 0;
			defaultConfigurationName = Debug;
		};
		FD7E0F4FD80D47A5AA143E9C /* Build configuration list for PBXNativeTarget "strings" */ = {
			isa = XCConfigurationList;
			buildConfigurations = (
				8949211EB71147AE8083D8E4 /* Debug */,
				90F9FC3371C8454E985F87F5 /* Release */,
				60F4F1CCEA47481CA6C3745F /* MinSizeRel */,
				695A1E4C66F04F699CD823B7 /* RelWithDebInfo */,
			);
			defaultConfigurationIsVisible = 0;
			defaultConfigurationName = Debug;
		};
/* End XCConfigurationList section */
	};
	rootObject = DBE16BD2A337465F9FDD280A /* Project object */;
}
