// !$*UTF8*$!
{
	archiveVersion = 1;
	classes = {
	};
	objectVersion = 46;
	objects = {

/* Begin PBXAggregateTarget section */
		35603D07A0944E448888B7A5 /* ALL_BUILD */ = {
			isa = PBXAggregateTarget;
			buildConfigurationList = C056A00CF4EB4987ACF042B4 /* Build configuration list for PBXAggregateTarget "ALL_BUILD" */;
			buildPhases = (
				730211D7D9AE456D978F3C1A /* CMake Rules */,
			);
			dependencies = (
				61EAAECB23C54389889FCA54 /* PBXTargetDependency */,
				83BCA78272C9404AAEB93543 /* PBXTargetDependency */,
			);
			name = ALL_BUILD;
			productName = ALL_BUILD;
		};
		4E5C0F017DEC4BE59546B02D /* install */ = {
			isa = PBXAggregateTarget;
			buildConfigurationList = 627F5E43A72F41E494F0B2DA /* Build configuration list for PBXAggregateTarget "install" */;
			buildPhases = (
				E1558A47C7D749018C86C163 /* CMake PostBuild Rules */,
			);
			dependencies = (
				4C9E3FF5DFCF4F2DBAC358C2 /* PBXTargetDependency */,
			);
			name = install;
			productName = install;
		};
		FC38BC1DA2E74762BA5015A5 /* ZERO_CHECK */ = {
			isa = PBXAggregateTarget;
			buildConfigurationList = CC1281A138824E41806CA530 /* Build configuration list for PBXAggregateTarget "ZERO_CHECK" */;
			buildPhases = (
				80F51776029D49FB8003D5CA /* CMake Rules */,
			);
			dependencies = (
			);
			name = ZERO_CHECK;
			productName = ZERO_CHECK;
		};
/* End PBXAggregateTarget section */

/* Begin PBXBuildFile section */
		ADE00376682247E1A8D9FA9A /* /Users/esevalero/Desktop/OnePointNav/entropy/CMakeLists.txt */ = {isa = PBXBuildFile; fileRef = 659DF4D8B5A64E30B5BAC816 /* /Users/esevalero/Desktop/OnePointNav/entropy/CMakeLists.txt */; };
		E08BF5DBB20E41E59995E38E /* /Users/esevalero/Desktop/OnePointNav/entropy/src/entropy.cc */ = {isa = PBXBuildFile; fileRef = 6C053B058433450C840122F9 /* /Users/esevalero/Desktop/OnePointNav/entropy/src/entropy.cc */; };
/* End PBXBuildFile section */

/* Begin PBXBuildStyle section */
		3BC9C8C3C60A402EB51A3927 /* MinSizeRel */ = {
			isa = PBXBuildStyle;
			buildSettings = {
				COPY_PHASE_STRIP = NO;
			};
			name = MinSizeRel;
		};
		458FA45D9EB34061A2EDC52A /* RelWithDebInfo */ = {
			isa = PBXBuildStyle;
			buildSettings = {
				COPY_PHASE_STRIP = NO;
			};
			name = RelWithDebInfo;
		};
		ACA77C6D95F24791882A2185 /* Release */ = {
			isa = PBXBuildStyle;
			buildSettings = {
				COPY_PHASE_STRIP = NO;
			};
			name = Release;
		};
		B2A2547C93AD4D139C43D98C = {
			isa = PBXBuildStyle;
		};
		FCAD90B3BFFA491B9C3F1C58 /* Debug */ = {
			isa = PBXBuildStyle;
			buildSettings = {
				COPY_PHASE_STRIP = NO;
			};
			name = Debug;
		};
/* End PBXBuildStyle section */

/* Begin PBXContainerItemProxy section */
		24B91DDFBB014E5E9EFB2C02 /* PBXContainerItemProxy */ = {
			isa = PBXContainerItemProxy;
			containerPortal = 62CC1D6166684F06944E0D30 /* Project object */;
			proxyType = 1;
			remoteGlobalIDString = 35603D07A0944E448888B7A5;
			remoteInfo = ALL_BUILD;
		};
		563A12E875F44B62A36294C9 /* PBXContainerItemProxy */ = {
			isa = PBXContainerItemProxy;
			containerPortal = 62CC1D6166684F06944E0D30 /* Project object */;
			proxyType = 1;
			remoteGlobalIDString = FC38BC1DA2E74762BA5015A5;
			remoteInfo = ZERO_CHECK;
		};
		B214996F762E4AF380BF89B9 /* PBXContainerItemProxy */ = {
			isa = PBXContainerItemProxy;
			containerPortal = 62CC1D6166684F06944E0D30 /* Project object */;
			proxyType = 1;
			remoteGlobalIDString = FC38BC1DA2E74762BA5015A5;
			remoteInfo = ZERO_CHECK;
		};
		C9E04C23264547B88822D1EA /* PBXContainerItemProxy */ = {
			isa = PBXContainerItemProxy;
			containerPortal = 62CC1D6166684F06944E0D30 /* Project object */;
			proxyType = 1;
			remoteGlobalIDString = EDD583CAC0864ED4B5E4DDAF;
			remoteInfo = entropy;
		};
/* End PBXContainerItemProxy section */

/* Begin PBXFileReference section */
		659DF4D8B5A64E30B5BAC816 /* /Users/esevalero/Desktop/OnePointNav/entropy/CMakeLists.txt */ = {isa = PBXFileReference; explicitFileType = sourcecode.text; fileEncoding = 4; name = CMakeLists.txt; path = CMakeLists.txt; sourceTree = SOURCE_ROOT; };
		6C053B058433450C840122F9 /* /Users/esevalero/Desktop/OnePointNav/entropy/src/entropy.cc */ = {isa = PBXFileReference; explicitFileType = sourcecode.cpp.cpp; fileEncoding = 4; name = entropy.cc; path = src/entropy.cc; sourceTree = SOURCE_ROOT; };
		CEA6FC5571FD44CA94CA350B /* /Users/esevalero/Desktop/OnePointNav/entropy/CMakeLists.txt */ = {isa = PBXFileReference; explicitFileType = sourcecode.text; fileEncoding = 4; name = CMakeLists.txt; path = CMakeLists.txt; sourceTree = SOURCE_ROOT; };
		D087770E303E4B64A395DE20 /* /Users/esevalero/Desktop/OnePointNav/entropy/CMakeLists.txt */ = {isa = PBXFileReference; explicitFileType = sourcecode.text; fileEncoding = 4; name = CMakeLists.txt; path = CMakeLists.txt; sourceTree = SOURCE_ROOT; };
		FA8B796A14A64B23B2D298FE /* entropy */ = {isa = PBXFileReference; explicitFileType = "compiled.mach-o.executable"; path = entropy; sourceTree = BUILT_PRODUCTS_DIR; };
/* End PBXFileReference section */

/* Begin PBXGroup section */
		148B7715D8C949EC8D4FA7EC /* entropy */ = {
			isa = PBXGroup;
			children = (
				23441A0BFBB04B4EAB1CFF42 /* Source Files */,
				659DF4D8B5A64E30B5BAC816 /* /Users/esevalero/Desktop/OnePointNav/entropy/CMakeLists.txt */,
			);
			name = entropy;
			sourceTree = "<group>";
		};
		23441A0BFBB04B4EAB1CFF42 /* Source Files */ = {
			isa = PBXGroup;
			children = (
				6C053B058433450C840122F9 /* /Users/esevalero/Desktop/OnePointNav/entropy/src/entropy.cc */,
			);
			name = "Source Files";
			sourceTree = "<group>";
		};
		311D4ED74E57401CAA4665F7 /* ALL_BUILD */ = {
			isa = PBXGroup;
			children = (
				98EF361F476B4ABF81EA896B /* CMake Rules */,
				D087770E303E4B64A395DE20 /* /Users/esevalero/Desktop/OnePointNav/entropy/CMakeLists.txt */,
			);
			name = ALL_BUILD;
			sourceTree = "<group>";
		};
		332FFCF3314646669701386D /* CMake Rules */ = {
			isa = PBXGroup;
			children = (
			);
			name = "CMake Rules";
			sourceTree = "<group>";
		};
		6077F1612172445DB1096583 = {
			isa = PBXGroup;
			children = (
				B21AE33BE7ED47A6A3AA2D6C /* Sources */,
				B0920D43542C4565AA3371D3 /* Resources */,
				F1A2313AD2A043C885ADA8D3 /* Products */,
			);
			sourceTree = "<group>";
		};
		98EF361F476B4ABF81EA896B /* CMake Rules */ = {
			isa = PBXGroup;
			children = (
			);
			name = "CMake Rules";
			sourceTree = "<group>";
		};
		B0920D43542C4565AA3371D3 /* Resources */ = {
			isa = PBXGroup;
			children = (
			);
			name = Resources;
			sourceTree = "<group>";
		};
		B21AE33BE7ED47A6A3AA2D6C /* Sources */ = {
			isa = PBXGroup;
			children = (
				148B7715D8C949EC8D4FA7EC /* entropy */,
				311D4ED74E57401CAA4665F7 /* ALL_BUILD */,
				CFE316B6E82F4C0B9D0086B0 /* ZERO_CHECK */,
			);
			name = Sources;
			sourceTree = "<group>";
		};
		CFE316B6E82F4C0B9D0086B0 /* ZERO_CHECK */ = {
			isa = PBXGroup;
			children = (
				332FFCF3314646669701386D /* CMake Rules */,
				CEA6FC5571FD44CA94CA350B /* /Users/esevalero/Desktop/OnePointNav/entropy/CMakeLists.txt */,
			);
			name = ZERO_CHECK;
			sourceTree = "<group>";
		};
		F1A2313AD2A043C885ADA8D3 /* Products */ = {
			isa = PBXGroup;
			children = (
				FA8B796A14A64B23B2D298FE /* entropy */,
			);
			name = Products;
			sourceTree = "<group>";
		};
/* End PBXGroup section */

/* Begin PBXNativeTarget section */
		EDD583CAC0864ED4B5E4DDAF /* entropy */ = {
			isa = PBXNativeTarget;
			buildConfigurationList = BC3389B19930419F97D5BB97 /* Build configuration list for PBXNativeTarget "entropy" */;
			buildPhases = (
				69A6D0539E4D40C3B16EB862 /* Sources */,
			);
			buildRules = (
			);
			dependencies = (
				90F619F270B14530AF53DFFC /* PBXTargetDependency */,
			);
			name = entropy;
			productName = entropy;
			productReference = FA8B796A14A64B23B2D298FE /* entropy */;
			productType = "com.apple.product-type.tool";
		};
/* End PBXNativeTarget section */

/* Begin PBXProject section */
		62CC1D6166684F06944E0D30 /* Project object */ = {
			isa = PBXProject;
			attributes = {
				BuildIndependentTargetsInParallel = YES;
				LastUpgradeCheck = 0700;
			};
			buildConfigurationList = 91209139156E409BBCE105D7 /* Build configuration list for PBXProject "entropy" */;
			buildSettings = {
			};
			buildStyles = (
				FCAD90B3BFFA491B9C3F1C58 /* Debug */,
				ACA77C6D95F24791882A2185 /* Release */,
				3BC9C8C3C60A402EB51A3927 /* MinSizeRel */,
				458FA45D9EB34061A2EDC52A /* RelWithDebInfo */,
			);
			compatibilityVersion = "Xcode 3.2";
			hasScannedForEncodings = 0;
			mainGroup = 6077F1612172445DB1096583;
			projectDirPath = ../;
			projectRoot = "";
			targets = (
				35603D07A0944E448888B7A5 /* ALL_BUILD */,
				FC38BC1DA2E74762BA5015A5 /* ZERO_CHECK */,
				EDD583CAC0864ED4B5E4DDAF /* entropy */,
				4E5C0F017DEC4BE59546B02D /* install */,
			);
		};
/* End PBXProject section */

/* Begin PBXShellScriptBuildPhase section */
		368E9A196A9642699823C0E2 = {
			isa = PBXShellScriptBuildPhase;
			buildActionMask = 2147483647;
			files = (
			);
			inputPaths = (
			);
			outputPaths = (
			);
			runOnlyForDeploymentPostprocessing = 0;
			shellPath = /bin/sh;
			shellScript = "# shell script goes here
exit 0";
			showEnvVarsInLog = 0;
		};
		53F313D0BD88452CA3227CBA = {
			isa = PBXShellScriptBuildPhase;
			buildActionMask = 2147483647;
			files = (
			);
			inputPaths = (
			);
			outputPaths = (
			);
			runOnlyForDeploymentPostprocessing = 0;
			shellPath = /bin/sh;
			shellScript = "# shell script goes here
exit 0";
			showEnvVarsInLog = 0;
		};
		730211D7D9AE456D978F3C1A /* CMake Rules */ = {
			isa = PBXShellScriptBuildPhase;
			buildActionMask = 2147483647;
			files = (
			);
			name = "CMake Rules";
			runOnlyForDeploymentPostprocessing = 0;
			shellPath = /bin/sh;
			shellScript = "make -C /Users/esevalero/Desktop/OnePointNav/entropy/xcode -f /Users/esevalero/Desktop/OnePointNav/entropy/xcode/CMakeScripts/ALL_BUILD_cmakeRulesBuildPhase.make$CONFIGURATION all";
			showEnvVarsInLog = 0;
		};
		80F51776029D49FB8003D5CA /* CMake Rules */ = {
			isa = PBXShellScriptBuildPhase;
			buildActionMask = 2147483647;
			files = (
			);
			name = "CMake Rules";
			runOnlyForDeploymentPostprocessing = 0;
			shellPath = /bin/sh;
			shellScript = "make -C /Users/esevalero/Desktop/OnePointNav/entropy/xcode -f /Users/esevalero/Desktop/OnePointNav/entropy/xcode/CMakeScripts/ZERO_CHECK_cmakeRulesBuildPhase.make$CONFIGURATION all";
			showEnvVarsInLog = 0;
		};
		9A7913FBA99C45BA88EE8CD6 = {
			isa = PBXShellScriptBuildPhase;
			buildActionMask = 2147483647;
			files = (
			);
			inputPaths = (
			);
			outputPaths = (
			);
			runOnlyForDeploymentPostprocessing = 0;
			shellPath = /bin/sh;
			shellScript = "# shell script goes here
exit 0";
			showEnvVarsInLog = 0;
		};
		E1558A47C7D749018C86C163 /* CMake PostBuild Rules */ = {
			isa = PBXShellScriptBuildPhase;
			buildActionMask = 2147483647;
			files = (
			);
			name = "CMake PostBuild Rules";
			runOnlyForDeploymentPostprocessing = 0;
			shellPath = /bin/sh;
			shellScript = "make -C /Users/esevalero/Desktop/OnePointNav/entropy/xcode -f /Users/esevalero/Desktop/OnePointNav/entropy/xcode/CMakeScripts/install_postBuildPhase.make$CONFIGURATION all";
			showEnvVarsInLog = 0;
		};
/* End PBXShellScriptBuildPhase section */

/* Begin PBXSourcesBuildPhase section */
		69A6D0539E4D40C3B16EB862 /* Sources */ = {
			isa = PBXSourcesBuildPhase;
			buildActionMask = 2147483647;
			files = (
				E08BF5DBB20E41E59995E38E /* /Users/esevalero/Desktop/OnePointNav/entropy/src/entropy.cc */,
			);
			runOnlyForDeploymentPostprocessing = 0;
		};
/* End PBXSourcesBuildPhase section */

/* Begin PBXTargetDependency section */
		4C9E3FF5DFCF4F2DBAC358C2 /* PBXTargetDependency */ = {
			isa = PBXTargetDependency;
			target = 35603D07A0944E448888B7A5 /* ALL_BUILD */;
			targetProxy = 24B91DDFBB014E5E9EFB2C02 /* PBXContainerItemProxy */;
		};
		61EAAECB23C54389889FCA54 /* PBXTargetDependency */ = {
			isa = PBXTargetDependency;
			target = EDD583CAC0864ED4B5E4DDAF /* entropy */;
			targetProxy = C9E04C23264547B88822D1EA /* PBXContainerItemProxy */;
		};
		83BCA78272C9404AAEB93543 /* PBXTargetDependency */ = {
			isa = PBXTargetDependency;
			target = FC38BC1DA2E74762BA5015A5 /* ZERO_CHECK */;
			targetProxy = 563A12E875F44B62A36294C9 /* PBXContainerItemProxy */;
		};
		90F619F270B14530AF53DFFC /* PBXTargetDependency */ = {
			isa = PBXTargetDependency;
			target = FC38BC1DA2E74762BA5015A5 /* ZERO_CHECK */;
			targetProxy = B214996F762E4AF380BF89B9 /* PBXContainerItemProxy */;
		};
/* End PBXTargetDependency section */

/* Begin XCBuildConfiguration section */
		0E49832AF78B4870A05880E3 /* Release */ = {
			isa = XCBuildConfiguration;
			buildSettings = {
				COMBINE_HIDPI_IMAGES = YES;
				GCC_GENERATE_DEBUGGING_SYMBOLS = YES;
				GCC_INLINES_ARE_PRIVATE_EXTERN = NO;
				GCC_OPTIMIZATION_LEVEL = 0;
				GCC_PREPROCESSOR_DEFINITIONS = ("'CMAKE_INTDIR=\"$(CONFIGURATION)$(EFFECTIVE_PLATFORM_NAME)\"'");
				GCC_SYMBOLS_PRIVATE_EXTERN = NO;
				INSTALL_PATH = "";
				OTHER_LDFLAGS = " ";
				OTHER_REZFLAGS = "";
				PRODUCT_NAME = ZERO_CHECK;
				SECTORDER_FLAGS = "";
				SYMROOT = /Users/esevalero/Desktop/OnePointNav/entropy/xcode;
				USE_HEADERMAP = NO;
				WARNING_CFLAGS = ("-Wmost","-Wno-four-char-constants","-Wno-unknown-pragmas","$(inherited)");
			};
			name = Release;
		};
		132D8E34F49E419290A70B5C /* Debug */ = {
			isa = XCBuildConfiguration;
			buildSettings = {
				COMBINE_HIDPI_IMAGES = YES;
				EXECUTABLE_PREFIX = "";
				EXECUTABLE_SUFFIX = "";
				GCC_GENERATE_DEBUGGING_SYMBOLS = YES;
				GCC_INLINES_ARE_PRIVATE_EXTERN = NO;
				GCC_OPTIMIZATION_LEVEL = 0;
				GCC_PREPROCESSOR_DEFINITIONS = ("'CMAKE_INTDIR=\"$(CONFIGURATION)$(EFFECTIVE_PLATFORM_NAME)\"'");
				GCC_SYMBOLS_PRIVATE_EXTERN = NO;
				INSTALL_PATH = "";
				LIBRARY_SEARCH_PATHS = "";
				OTHER_CPLUSPLUSFLAGS = "     -std=c++14";
				OTHER_LDFLAGS = " -Wl,-search_paths_first -Wl,-headerpad_max_install_names  ";
				OTHER_REZFLAGS = "";
				PRODUCT_NAME = entropy;
				SECTORDER_FLAGS = "";
				SYMROOT = /Users/esevalero/Desktop/OnePointNav/entropy/xcode;
				USE_HEADERMAP = NO;
				WARNING_CFLAGS = ("-Wmost","-Wno-four-char-constants","-Wno-unknown-pragmas","$(inherited)");
			};
			name = Debug;
		};
		18962E86CDEC4E30ABEDEAA2 /* MinSizeRel */ = {
			isa = XCBuildConfiguration;
			buildSettings = {
				COMBINE_HIDPI_IMAGES = YES;
				GCC_GENERATE_DEBUGGING_SYMBOLS = YES;
				GCC_INLINES_ARE_PRIVATE_EXTERN = NO;
				GCC_OPTIMIZATION_LEVEL = 0;
				GCC_PREPROCESSOR_DEFINITIONS = ("'CMAKE_INTDIR=\"$(CONFIGURATION)$(EFFECTIVE_PLATFORM_NAME)\"'");
				GCC_SYMBOLS_PRIVATE_EXTERN = NO;
				INSTALL_PATH = "";
				OTHER_LDFLAGS = " ";
				OTHER_REZFLAGS = "";
				PRODUCT_NAME = ZERO_CHECK;
				SECTORDER_FLAGS = "";
				SYMROOT = /Users/esevalero/Desktop/OnePointNav/entropy/xcode;
				USE_HEADERMAP = NO;
				WARNING_CFLAGS = ("-Wmost","-Wno-four-char-constants","-Wno-unknown-pragmas","$(inherited)");
			};
			name = MinSizeRel;
		};
		1EBAA8F0F68F4B4BB409A4EB /* Debug */ = {
			isa = XCBuildConfiguration;
			buildSettings = {
				MACOSX_DEPLOYMENT_TARGET = 10.10;
				ONLY_ACTIVE_ARCH = YES;
				SDKROOT = /Applications/Xcode.app/Contents/Developer/Platforms/MacOSX.platform/Developer/SDKs/MacOSX10.11.sdk;
				SYMROOT = /Users/esevalero/Desktop/OnePointNav/entropy/xcode/build;
			};
			name = Debug;
		};
		24CA3150D34841EC82A621A0 /* Release */ = {
			isa = XCBuildConfiguration;
			buildSettings = {
				MACOSX_DEPLOYMENT_TARGET = 10.10;
				ONLY_ACTIVE_ARCH = YES;
				SDKROOT = /Applications/Xcode.app/Contents/Developer/Platforms/MacOSX.platform/Developer/SDKs/MacOSX10.11.sdk;
				SYMROOT = /Users/esevalero/Desktop/OnePointNav/entropy/xcode/build;
			};
			name = Release;
		};
		25D828BD521A432FA2A896D0 /* MinSizeRel */ = {
			isa = XCBuildConfiguration;
			buildSettings = {
				MACOSX_DEPLOYMENT_TARGET = 10.10;
				ONLY_ACTIVE_ARCH = YES;
				SDKROOT = /Applications/Xcode.app/Contents/Developer/Platforms/MacOSX.platform/Developer/SDKs/MacOSX10.11.sdk;
				SYMROOT = /Users/esevalero/Desktop/OnePointNav/entropy/xcode/build;
			};
			name = MinSizeRel;
		};
		39368931E98544ADB7693961 /* RelWithDebInfo */ = {
			isa = XCBuildConfiguration;
			buildSettings = {
				COMBINE_HIDPI_IMAGES = YES;
				GCC_GENERATE_DEBUGGING_SYMBOLS = YES;
				GCC_INLINES_ARE_PRIVATE_EXTERN = NO;
				GCC_OPTIMIZATION_LEVEL = 0;
				GCC_PREPROCESSOR_DEFINITIONS = ("'CMAKE_INTDIR=\"$(CONFIGURATION)$(EFFECTIVE_PLATFORM_NAME)\"'");
				GCC_SYMBOLS_PRIVATE_EXTERN = NO;
				INSTALL_PATH = "";
				OTHER_LDFLAGS = " ";
				OTHER_REZFLAGS = "";
				PRODUCT_NAME = install;
				SECTORDER_FLAGS = "";
				SYMROOT = /Users/esevalero/Desktop/OnePointNav/entropy/xcode;
				USE_HEADERMAP = NO;
				WARNING_CFLAGS = ("-Wmost","-Wno-four-char-constants","-Wno-unknown-pragmas","$(inherited)");
			};
			name = RelWithDebInfo;
		};
		62C19ABCFBD848C1A856EB00 /* Debug */ = {
			isa = XCBuildConfiguration;
			buildSettings = {
				COMBINE_HIDPI_IMAGES = YES;
				GCC_GENERATE_DEBUGGING_SYMBOLS = YES;
				GCC_INLINES_ARE_PRIVATE_EXTERN = NO;
				GCC_OPTIMIZATION_LEVEL = 0;
				GCC_PREPROCESSOR_DEFINITIONS = ("'CMAKE_INTDIR=\"$(CONFIGURATION)$(EFFECTIVE_PLATFORM_NAME)\"'");
				GCC_SYMBOLS_PRIVATE_EXTERN = NO;
				INSTALL_PATH = "";
				OTHER_LDFLAGS = " ";
				OTHER_REZFLAGS = "";
				PRODUCT_NAME = install;
				SECTORDER_FLAGS = "";
				SYMROOT = /Users/esevalero/Desktop/OnePointNav/entropy/xcode;
				USE_HEADERMAP = NO;
				WARNING_CFLAGS = ("-Wmost","-Wno-four-char-constants","-Wno-unknown-pragmas","$(inherited)");
			};
			name = Debug;
		};
		79A6085FC5DB497D8E46FC5B /* RelWithDebInfo */ = {
			isa = XCBuildConfiguration;
			buildSettings = {
				COMBINE_HIDPI_IMAGES = YES;
				GCC_GENERATE_DEBUGGING_SYMBOLS = YES;
				GCC_INLINES_ARE_PRIVATE_EXTERN = NO;
				GCC_OPTIMIZATION_LEVEL = 0;
				GCC_PREPROCESSOR_DEFINITIONS = ("'CMAKE_INTDIR=\"$(CONFIGURATION)$(EFFECTIVE_PLATFORM_NAME)\"'");
				GCC_SYMBOLS_PRIVATE_EXTERN = NO;
				INSTALL_PATH = "";
				OTHER_LDFLAGS = " ";
				OTHER_REZFLAGS = "";
				PRODUCT_NAME = ALL_BUILD;
				SECTORDER_FLAGS = "";
				SYMROOT = /Users/esevalero/Desktop/OnePointNav/entropy/xcode;
				USE_HEADERMAP = NO;
				WARNING_CFLAGS = ("-Wmost","-Wno-four-char-constants","-Wno-unknown-pragmas","$(inherited)");
			};
			name = RelWithDebInfo;
		};
		9F6E22C66BD642C4BCC72143 /* Debug */ = {
			isa = XCBuildConfiguration;
			buildSettings = {
				COMBINE_HIDPI_IMAGES = YES;
				GCC_GENERATE_DEBUGGING_SYMBOLS = YES;
				GCC_INLINES_ARE_PRIVATE_EXTERN = NO;
				GCC_OPTIMIZATION_LEVEL = 0;
				GCC_PREPROCESSOR_DEFINITIONS = ("'CMAKE_INTDIR=\"$(CONFIGURATION)$(EFFECTIVE_PLATFORM_NAME)\"'");
				GCC_SYMBOLS_PRIVATE_EXTERN = NO;
				INSTALL_PATH = "";
				OTHER_LDFLAGS = " ";
				OTHER_REZFLAGS = "";
				PRODUCT_NAME = ALL_BUILD;
				SECTORDER_FLAGS = "";
				SYMROOT = /Users/esevalero/Desktop/OnePointNav/entropy/xcode;
				USE_HEADERMAP = NO;
				WARNING_CFLAGS = ("-Wmost","-Wno-four-char-constants","-Wno-unknown-pragmas","$(inherited)");
			};
			name = Debug;
		};
		A3FDB4D3F6374363B178A608 /* Release */ = {
			isa = XCBuildConfiguration;
			buildSettings = {
				COMBINE_HIDPI_IMAGES = YES;
				GCC_GENERATE_DEBUGGING_SYMBOLS = YES;
				GCC_INLINES_ARE_PRIVATE_EXTERN = NO;
				GCC_OPTIMIZATION_LEVEL = 0;
				GCC_PREPROCESSOR_DEFINITIONS = ("'CMAKE_INTDIR=\"$(CONFIGURATION)$(EFFECTIVE_PLATFORM_NAME)\"'");
				GCC_SYMBOLS_PRIVATE_EXTERN = NO;
				INSTALL_PATH = "";
				OTHER_LDFLAGS = " ";
				OTHER_REZFLAGS = "";
				PRODUCT_NAME = ALL_BUILD;
				SECTORDER_FLAGS = "";
				SYMROOT = /Users/esevalero/Desktop/OnePointNav/entropy/xcode;
				USE_HEADERMAP = NO;
				WARNING_CFLAGS = ("-Wmost","-Wno-four-char-constants","-Wno-unknown-pragmas","$(inherited)");
			};
			name = Release;
		};
		A5C4AE82C6AA439189795A4B /* MinSizeRel */ = {
			isa = XCBuildConfiguration;
			buildSettings = {
				COMBINE_HIDPI_IMAGES = YES;
				GCC_GENERATE_DEBUGGING_SYMBOLS = YES;
				GCC_INLINES_ARE_PRIVATE_EXTERN = NO;
				GCC_OPTIMIZATION_LEVEL = 0;
				GCC_PREPROCESSOR_DEFINITIONS = ("'CMAKE_INTDIR=\"$(CONFIGURATION)$(EFFECTIVE_PLATFORM_NAME)\"'");
				GCC_SYMBOLS_PRIVATE_EXTERN = NO;
				INSTALL_PATH = "";
				OTHER_LDFLAGS = " ";
				OTHER_REZFLAGS = "";
				PRODUCT_NAME = ALL_BUILD;
				SECTORDER_FLAGS = "";
				SYMROOT = /Users/esevalero/Desktop/OnePointNav/entropy/xcode;
				USE_HEADERMAP = NO;
				WARNING_CFLAGS = ("-Wmost","-Wno-four-char-constants","-Wno-unknown-pragmas","$(inherited)");
			};
			name = MinSizeRel;
		};
		A637547B0A5B4645BDB44958 /* RelWithDebInfo */ = {
			isa = XCBuildConfiguration;
			buildSettings = {
				COMBINE_HIDPI_IMAGES = YES;
				EXECUTABLE_PREFIX = "";
				EXECUTABLE_SUFFIX = "";
				GCC_GENERATE_DEBUGGING_SYMBOLS = YES;
				GCC_INLINES_ARE_PRIVATE_EXTERN = NO;
				GCC_OPTIMIZATION_LEVEL = 2;
				GCC_PREPROCESSOR_DEFINITIONS = ("'CMAKE_INTDIR=\"$(CONFIGURATION)$(EFFECTIVE_PLATFORM_NAME)\"'");
				GCC_SYMBOLS_PRIVATE_EXTERN = NO;
				INSTALL_PATH = "";
				LIBRARY_SEARCH_PATHS = "";
				OTHER_CPLUSPLUSFLAGS = "       -DNDEBUG   -std=c++14";
				OTHER_LDFLAGS = " -Wl,-search_paths_first -Wl,-headerpad_max_install_names  ";
				OTHER_REZFLAGS = "";
				PRODUCT_NAME = entropy;
				SECTORDER_FLAGS = "";
				SYMROOT = /Users/esevalero/Desktop/OnePointNav/entropy/xcode;
				USE_HEADERMAP = NO;
				WARNING_CFLAGS = ("-Wmost","-Wno-four-char-constants","-Wno-unknown-pragmas","$(inherited)");
			};
			name = RelWithDebInfo;
		};
		B40AD47B957145CABCECE8AB /* RelWithDebInfo */ = {
			isa = XCBuildConfiguration;
			buildSettings = {
				MACOSX_DEPLOYMENT_TARGET = 10.10;
				ONLY_ACTIVE_ARCH = YES;
				SDKROOT = /Applications/Xcode.app/Contents/Developer/Platforms/MacOSX.platform/Developer/SDKs/MacOSX10.11.sdk;
				SYMROOT = /Users/esevalero/Desktop/OnePointNav/entropy/xcode/build;
			};
			name = RelWithDebInfo;
		};
		CF039488C28A47AFA3D91486 /* Release */ = {
			isa = XCBuildConfiguration;
			buildSettings = {
				COMBINE_HIDPI_IMAGES = YES;
				EXECUTABLE_PREFIX = "";
				EXECUTABLE_SUFFIX = "";
				GCC_GENERATE_DEBUGGING_SYMBOLS = NO;
				GCC_INLINES_ARE_PRIVATE_EXTERN = NO;
				GCC_OPTIMIZATION_LEVEL = 3;
				GCC_PREPROCESSOR_DEFINITIONS = ("'CMAKE_INTDIR=\"$(CONFIGURATION)$(EFFECTIVE_PLATFORM_NAME)\"'");
				GCC_SYMBOLS_PRIVATE_EXTERN = NO;
				INSTALL_PATH = "";
				LIBRARY_SEARCH_PATHS = "";
				OTHER_CPLUSPLUSFLAGS = "    -DNDEBUG   -std=c++14";
				OTHER_LDFLAGS = " -Wl,-search_paths_first -Wl,-headerpad_max_install_names  ";
				OTHER_REZFLAGS = "";
				PRODUCT_NAME = entropy;
				SECTORDER_FLAGS = "";
				SYMROOT = /Users/esevalero/Desktop/OnePointNav/entropy/xcode;
				USE_HEADERMAP = NO;
				WARNING_CFLAGS = ("-Wmost","-Wno-four-char-constants","-Wno-unknown-pragmas","$(inherited)");
			};
			name = Release;
		};
		DE39EB4887C243B0AAEEA345 /* RelWithDebInfo */ = {
			isa = XCBuildConfiguration;
			buildSettings = {
				COMBINE_HIDPI_IMAGES = YES;
				GCC_GENERATE_DEBUGGING_SYMBOLS = YES;
				GCC_INLINES_ARE_PRIVATE_EXTERN = NO;
				GCC_OPTIMIZATION_LEVEL = 0;
				GCC_PREPROCESSOR_DEFINITIONS = ("'CMAKE_INTDIR=\"$(CONFIGURATION)$(EFFECTIVE_PLATFORM_NAME)\"'");
				GCC_SYMBOLS_PRIVATE_EXTERN = NO;
				INSTALL_PATH = "";
				OTHER_LDFLAGS = " ";
				OTHER_REZFLAGS = "";
				PRODUCT_NAME = ZERO_CHECK;
				SECTORDER_FLAGS = "";
				SYMROOT = /Users/esevalero/Desktop/OnePointNav/entropy/xcode;
				USE_HEADERMAP = NO;
				WARNING_CFLAGS = ("-Wmost","-Wno-four-char-constants","-Wno-unknown-pragmas","$(inherited)");
			};
			name = RelWithDebInfo;
		};
		E08C897BA61F4156936DF2F5 /* Debug */ = {
			isa = XCBuildConfiguration;
			buildSettings = {
				COMBINE_HIDPI_IMAGES = YES;
				GCC_GENERATE_DEBUGGING_SYMBOLS = YES;
				GCC_INLINES_ARE_PRIVATE_EXTERN = NO;
				GCC_OPTIMIZATION_LEVEL = 0;
				GCC_PREPROCESSOR_DEFINITIONS = ("'CMAKE_INTDIR=\"$(CONFIGURATION)$(EFFECTIVE_PLATFORM_NAME)\"'");
				GCC_SYMBOLS_PRIVATE_EXTERN = NO;
				INSTALL_PATH = "";
				OTHER_LDFLAGS = " ";
				OTHER_REZFLAGS = "";
				PRODUCT_NAME = ZERO_CHECK;
				SECTORDER_FLAGS = "";
				SYMROOT = /Users/esevalero/Desktop/OnePointNav/entropy/xcode;
				USE_HEADERMAP = NO;
				WARNING_CFLAGS = ("-Wmost","-Wno-four-char-constants","-Wno-unknown-pragmas","$(inherited)");
			};
			name = Debug;
		};
		E1376FFAEB644A34B6DBBD14 /* MinSizeRel */ = {
			isa = XCBuildConfiguration;
			buildSettings = {
				COMBINE_HIDPI_IMAGES = YES;
				EXECUTABLE_PREFIX = "";
				EXECUTABLE_SUFFIX = "";
				GCC_GENERATE_DEBUGGING_SYMBOLS = NO;
				GCC_INLINES_ARE_PRIVATE_EXTERN = NO;
				GCC_OPTIMIZATION_LEVEL = s;
				GCC_PREPROCESSOR_DEFINITIONS = ("'CMAKE_INTDIR=\"$(CONFIGURATION)$(EFFECTIVE_PLATFORM_NAME)\"'");
				GCC_SYMBOLS_PRIVATE_EXTERN = NO;
				INSTALL_PATH = "";
				LIBRARY_SEARCH_PATHS = "";
				OTHER_CPLUSPLUSFLAGS = "    -DNDEBUG   -std=c++14";
				OTHER_LDFLAGS = " -Wl,-search_paths_first -Wl,-headerpad_max_install_names  ";
				OTHER_REZFLAGS = "";
				PRODUCT_NAME = entropy;
				SECTORDER_FLAGS = "";
				SYMROOT = /Users/esevalero/Desktop/OnePointNav/entropy/xcode;
				USE_HEADERMAP = NO;
				WARNING_CFLAGS = ("-Wmost","-Wno-four-char-constants","-Wno-unknown-pragmas","$(inherited)");
			};
			name = MinSizeRel;
		};
		F04A060947734826B707F4B9 /* MinSizeRel */ = {
			isa = XCBuildConfiguration;
			buildSettings = {
				COMBINE_HIDPI_IMAGES = YES;
				GCC_GENERATE_DEBUGGING_SYMBOLS = YES;
				GCC_INLINES_ARE_PRIVATE_EXTERN = NO;
				GCC_OPTIMIZATION_LEVEL = 0;
				GCC_PREPROCESSOR_DEFINITIONS = ("'CMAKE_INTDIR=\"$(CONFIGURATION)$(EFFECTIVE_PLATFORM_NAME)\"'");
				GCC_SYMBOLS_PRIVATE_EXTERN = NO;
				INSTALL_PATH = "";
				OTHER_LDFLAGS = " ";
				OTHER_REZFLAGS = "";
				PRODUCT_NAME = install;
				SECTORDER_FLAGS = "";
				SYMROOT = /Users/esevalero/Desktop/OnePointNav/entropy/xcode;
				USE_HEADERMAP = NO;
				WARNING_CFLAGS = ("-Wmost","-Wno-four-char-constants","-Wno-unknown-pragmas","$(inherited)");
			};
			name = MinSizeRel;
		};
		FF802A23B57F4E0D88029E1F /* Release */ = {
			isa = XCBuildConfiguration;
			buildSettings = {
				COMBINE_HIDPI_IMAGES = YES;
				GCC_GENERATE_DEBUGGING_SYMBOLS = YES;
				GCC_INLINES_ARE_PRIVATE_EXTERN = NO;
				GCC_OPTIMIZATION_LEVEL = 0;
				GCC_PREPROCESSOR_DEFINITIONS = ("'CMAKE_INTDIR=\"$(CONFIGURATION)$(EFFECTIVE_PLATFORM_NAME)\"'");
				GCC_SYMBOLS_PRIVATE_EXTERN = NO;
				INSTALL_PATH = "";
				OTHER_LDFLAGS = " ";
				OTHER_REZFLAGS = "";
				PRODUCT_NAME = install;
				SECTORDER_FLAGS = "";
				SYMROOT = /Users/esevalero/Desktop/OnePointNav/entropy/xcode;
				USE_HEADERMAP = NO;
				WARNING_CFLAGS = ("-Wmost","-Wno-four-char-constants","-Wno-unknown-pragmas","$(inherited)");
			};
			name = Release;
		};
/* End XCBuildConfiguration section */

/* Begin XCConfigurationList section */
		627F5E43A72F41E494F0B2DA /* Build configuration list for PBXAggregateTarget "install" */ = {
			isa = XCConfigurationList;
			buildConfigurations = (
				62C19ABCFBD848C1A856EB00 /* Debug */,
				FF802A23B57F4E0D88029E1F /* Release */,
				F04A060947734826B707F4B9 /* MinSizeRel */,
				39368931E98544ADB7693961 /* RelWithDebInfo */,
			);
			defaultConfigurationIsVisible = 0;
			defaultConfigurationName = Debug;
		};
		91209139156E409BBCE105D7 /* Build configuration list for PBXProject "entropy" */ = {
			isa = XCConfigurationList;
			buildConfigurations = (
				1EBAA8F0F68F4B4BB409A4EB /* Debug */,
				24CA3150D34841EC82A621A0 /* Release */,
				25D828BD521A432FA2A896D0 /* MinSizeRel */,
				B40AD47B957145CABCECE8AB /* RelWithDebInfo */,
			);
			defaultConfigurationIsVisible = 0;
			defaultConfigurationName = Debug;
		};
		BC3389B19930419F97D5BB97 /* Build configuration list for PBXNativeTarget "entropy" */ = {
			isa = XCConfigurationList;
			buildConfigurations = (
				132D8E34F49E419290A70B5C /* Debug */,
				CF039488C28A47AFA3D91486 /* Release */,
				E1376FFAEB644A34B6DBBD14 /* MinSizeRel */,
				A637547B0A5B4645BDB44958 /* RelWithDebInfo */,
			);
			defaultConfigurationIsVisible = 0;
			defaultConfigurationName = Debug;
		};
		C056A00CF4EB4987ACF042B4 /* Build configuration list for PBXAggregateTarget "ALL_BUILD" */ = {
			isa = XCConfigurationList;
			buildConfigurations = (
				9F6E22C66BD642C4BCC72143 /* Debug */,
				A3FDB4D3F6374363B178A608 /* Release */,
				A5C4AE82C6AA439189795A4B /* MinSizeRel */,
				79A6085FC5DB497D8E46FC5B /* RelWithDebInfo */,
			);
			defaultConfigurationIsVisible = 0;
			defaultConfigurationName = Debug;
		};
		CC1281A138824E41806CA530 /* Build configuration list for PBXAggregateTarget "ZERO_CHECK" */ = {
			isa = XCConfigurationList;
			buildConfigurations = (
				E08C897BA61F4156936DF2F5 /* Debug */,
				0E49832AF78B4870A05880E3 /* Release */,
				18962E86CDEC4E30ABEDEAA2 /* MinSizeRel */,
				DE39EB4887C243B0AAEEA345 /* RelWithDebInfo */,
			);
			defaultConfigurationIsVisible = 0;
			defaultConfigurationName = Debug;
		};
/* End XCConfigurationList section */
	};
	rootObject = 62CC1D6166684F06944E0D30 /* Project object */;
}
