// !$*UTF8*$!
{
	archiveVersion = 1;
	classes = {
	};
	objectVersion = 46;
	objects = {

/* Begin PBXAggregateTarget section */
		BF6CE5E0A6CB47B3AFA12D1D /* install */ = {
			isa = PBXAggregateTarget;
			buildConfigurationList = 210009D756B64295AA4C0099 /* Build configuration list for PBXAggregateTarget "install" */;
			buildPhases = (
				B75D5D2C88D946D586B8FF52 /* CMake PostBuild Rules */,
			);
			dependencies = (
				1EE94C703A6E43069AF14F8D /* PBXTargetDependency */,
			);
			name = install;
			productName = install;
		};
		C703B253B2DA4ACB87492C37 /* ALL_BUILD */ = {
			isa = PBXAggregateTarget;
			buildConfigurationList = F87A332A540648F2B9B932CF /* Build configuration list for PBXAggregateTarget "ALL_BUILD" */;
			buildPhases = (
				CB278168B72D406D99C2700E /* CMake Rules */,
			);
			dependencies = (
				F01769D2143047A8912D0D69 /* PBXTargetDependency */,
				A6C6BDC965244A13AED307F4 /* PBXTargetDependency */,
			);
			name = ALL_BUILD;
			productName = ALL_BUILD;
		};
		EEC526A0A35040DDB54017EA /* ZERO_CHECK */ = {
			isa = PBXAggregateTarget;
			buildConfigurationList = 8F0508707E5B459D8D397A3C /* Build configuration list for PBXAggregateTarget "ZERO_CHECK" */;
			buildPhases = (
				816DD619A7E44060937C7113 /* CMake Rules */,
			);
			dependencies = (
			);
			name = ZERO_CHECK;
			productName = ZERO_CHECK;
		};
/* End PBXAggregateTarget section */

/* Begin PBXBuildFile section */
		4241717DF1484B9DA0F31794 /* /Users/esevalero/Desktop/OnePointNav/modeling/src/modeling.cc */ = {isa = PBXBuildFile; fileRef = FC7336F16EFC4AD391A2BC96 /* /Users/esevalero/Desktop/OnePointNav/modeling/src/modeling.cc */; };
		9BC85235D21C43A7939CC6EE /* /Users/esevalero/Desktop/OnePointNav/modeling/CMakeLists.txt */ = {isa = PBXBuildFile; fileRef = 24305784728445479CA7F3C0 /* /Users/esevalero/Desktop/OnePointNav/modeling/CMakeLists.txt */; };
/* End PBXBuildFile section */

/* Begin PBXBuildStyle section */
		42EE37B8E3BB4763B8E0ED78 /* Debug */ = {
			isa = PBXBuildStyle;
			buildSettings = {
				COPY_PHASE_STRIP = NO;
			};
			name = Debug;
		};
		AA4C5E6654924CBDB1D8593C /* RelWithDebInfo */ = {
			isa = PBXBuildStyle;
			buildSettings = {
				COPY_PHASE_STRIP = NO;
			};
			name = RelWithDebInfo;
		};
		E0B6DAD540B7474EBC9D9FA5 /* MinSizeRel */ = {
			isa = PBXBuildStyle;
			buildSettings = {
				COPY_PHASE_STRIP = NO;
			};
			name = MinSizeRel;
		};
		E9C242AB27B147D09B23F60B = {
			isa = PBXBuildStyle;
		};
		F0F81D2BBEBC45478E6B4065 /* Release */ = {
			isa = PBXBuildStyle;
			buildSettings = {
				COPY_PHASE_STRIP = NO;
			};
			name = Release;
		};
/* End PBXBuildStyle section */

/* Begin PBXContainerItemProxy section */
		02063D1F4BC1478E9DC756F5 /* PBXContainerItemProxy */ = {
			isa = PBXContainerItemProxy;
			containerPortal = 230EFFDC2F6A49A491D39E69 /* Project object */;
			proxyType = 1;
			remoteGlobalIDString = C703B253B2DA4ACB87492C37;
			remoteInfo = ALL_BUILD;
		};
		C687C5A9CA964CC48D891ECA /* PBXContainerItemProxy */ = {
			isa = PBXContainerItemProxy;
			containerPortal = 230EFFDC2F6A49A491D39E69 /* Project object */;
			proxyType = 1;
			remoteGlobalIDString = C6F7512EF74A4E7099A60D0F;
			remoteInfo = modeling;
		};
		EE053CDB0EA948F39F9695A5 /* PBXContainerItemProxy */ = {
			isa = PBXContainerItemProxy;
			containerPortal = 230EFFDC2F6A49A491D39E69 /* Project object */;
			proxyType = 1;
			remoteGlobalIDString = EEC526A0A35040DDB54017EA;
			remoteInfo = ZERO_CHECK;
		};
		F2ADC86BE4604232A164CAA9 /* PBXContainerItemProxy */ = {
			isa = PBXContainerItemProxy;
			containerPortal = 230EFFDC2F6A49A491D39E69 /* Project object */;
			proxyType = 1;
			remoteGlobalIDString = EEC526A0A35040DDB54017EA;
			remoteInfo = ZERO_CHECK;
		};
/* End PBXContainerItemProxy section */

/* Begin PBXFileReference section */
		10DE25DE105F4BADB6C39867 /* /Users/esevalero/Desktop/OnePointNav/modeling/CMakeLists.txt */ = {isa = PBXFileReference; explicitFileType = sourcecode.text; fileEncoding = 4; name = CMakeLists.txt; path = CMakeLists.txt; sourceTree = SOURCE_ROOT; };
		24305784728445479CA7F3C0 /* /Users/esevalero/Desktop/OnePointNav/modeling/CMakeLists.txt */ = {isa = PBXFileReference; explicitFileType = sourcecode.text; fileEncoding = 4; name = CMakeLists.txt; path = CMakeLists.txt; sourceTree = SOURCE_ROOT; };
		43400B25DA3042629876D81F /* /Users/esevalero/Desktop/OnePointNav/modeling/CMakeLists.txt */ = {isa = PBXFileReference; explicitFileType = sourcecode.text; fileEncoding = 4; name = CMakeLists.txt; path = CMakeLists.txt; sourceTree = SOURCE_ROOT; };
		8B4BC94CEC0E4B698D70F219 /* modeling */ = {isa = PBXFileReference; explicitFileType = "compiled.mach-o.executable"; path = modeling; sourceTree = BUILT_PRODUCTS_DIR; };
		FC7336F16EFC4AD391A2BC96 /* /Users/esevalero/Desktop/OnePointNav/modeling/src/modeling.cc */ = {isa = PBXFileReference; explicitFileType = sourcecode.cpp.cpp; fileEncoding = 4; name = modeling.cc; path = src/modeling.cc; sourceTree = SOURCE_ROOT; };
/* End PBXFileReference section */

/* Begin PBXGroup section */
		11DCC58F435F4169BD9E2F69 /* Products */ = {
			isa = PBXGroup;
			children = (
				8B4BC94CEC0E4B698D70F219 /* modeling */,
			);
			name = Products;
			sourceTree = "<group>";
		};
		22D3655A6F90482A95D141FB = {
			isa = PBXGroup;
			children = (
				F6282F70F8C24FBC95E75528 /* Sources */,
				C4008FC301DB4EC7A9C44DD0 /* Resources */,
				11DCC58F435F4169BD9E2F69 /* Products */,
			);
			sourceTree = "<group>";
		};
		36B058CC9F2942BDA9B31928 /* modeling */ = {
			isa = PBXGroup;
			children = (
				9733B8355D774C8EB6C5696F /* Source Files */,
				24305784728445479CA7F3C0 /* /Users/esevalero/Desktop/OnePointNav/modeling/CMakeLists.txt */,
			);
			name = modeling;
			sourceTree = "<group>";
		};
		6266ED5A1E4340D58ADC5493 /* CMake Rules */ = {
			isa = PBXGroup;
			children = (
			);
			name = "CMake Rules";
			sourceTree = "<group>";
		};
		6F43B8B2F8E44FD4898088E1 /* ALL_BUILD */ = {
			isa = PBXGroup;
			children = (
				6266ED5A1E4340D58ADC5493 /* CMake Rules */,
				10DE25DE105F4BADB6C39867 /* /Users/esevalero/Desktop/OnePointNav/modeling/CMakeLists.txt */,
			);
			name = ALL_BUILD;
			sourceTree = "<group>";
		};
		9733B8355D774C8EB6C5696F /* Source Files */ = {
			isa = PBXGroup;
			children = (
				FC7336F16EFC4AD391A2BC96 /* /Users/esevalero/Desktop/OnePointNav/modeling/src/modeling.cc */,
			);
			name = "Source Files";
			sourceTree = "<group>";
		};
		C4008FC301DB4EC7A9C44DD0 /* Resources */ = {
			isa = PBXGroup;
			children = (
			);
			name = Resources;
			sourceTree = "<group>";
		};
		C865AC79D52242409B744F0A /* ZERO_CHECK */ = {
			isa = PBXGroup;
			children = (
				ECF856D47AAA4C56852D0AA3 /* CMake Rules */,
				43400B25DA3042629876D81F /* /Users/esevalero/Desktop/OnePointNav/modeling/CMakeLists.txt */,
			);
			name = ZERO_CHECK;
			sourceTree = "<group>";
		};
		ECF856D47AAA4C56852D0AA3 /* CMake Rules */ = {
			isa = PBXGroup;
			children = (
			);
			name = "CMake Rules";
			sourceTree = "<group>";
		};
		F6282F70F8C24FBC95E75528 /* Sources */ = {
			isa = PBXGroup;
			children = (
				36B058CC9F2942BDA9B31928 /* modeling */,
				6F43B8B2F8E44FD4898088E1 /* ALL_BUILD */,
				C865AC79D52242409B744F0A /* ZERO_CHECK */,
			);
			name = Sources;
			sourceTree = "<group>";
		};
/* End PBXGroup section */

/* Begin PBXNativeTarget section */
		C6F7512EF74A4E7099A60D0F /* modeling */ = {
			isa = PBXNativeTarget;
			buildConfigurationList = E2B0418053F24C19845825A0 /* Build configuration list for PBXNativeTarget "modeling" */;
			buildPhases = (
				8DC6E1DDD06A46EE88292FB4 /* Sources */,
			);
			buildRules = (
			);
			dependencies = (
				AF874647E7444205B33449E7 /* PBXTargetDependency */,
			);
			name = modeling;
			productName = modeling;
			productReference = 8B4BC94CEC0E4B698D70F219 /* modeling */;
			productType = "com.apple.product-type.tool";
		};
/* End PBXNativeTarget section */

/* Begin PBXProject section */
		230EFFDC2F6A49A491D39E69 /* Project object */ = {
			isa = PBXProject;
			attributes = {
				BuildIndependentTargetsInParallel = YES;
				LastUpgradeCheck = 0700;
			};
			buildConfigurationList = 06FE1281F1F6472889855F65 /* Build configuration list for PBXProject "modeling" */;
			buildSettings = {
			};
			buildStyles = (
				42EE37B8E3BB4763B8E0ED78 /* Debug */,
				F0F81D2BBEBC45478E6B4065 /* Release */,
				E0B6DAD540B7474EBC9D9FA5 /* MinSizeRel */,
				AA4C5E6654924CBDB1D8593C /* RelWithDebInfo */,
			);
			compatibilityVersion = "Xcode 3.2";
			hasScannedForEncodings = 0;
			mainGroup = 22D3655A6F90482A95D141FB;
			projectDirPath = ../;
			projectRoot = "";
			targets = (
				C703B253B2DA4ACB87492C37 /* ALL_BUILD */,
				EEC526A0A35040DDB54017EA /* ZERO_CHECK */,
				BF6CE5E0A6CB47B3AFA12D1D /* install */,
				C6F7512EF74A4E7099A60D0F /* modeling */,
			);
		};
/* End PBXProject section */

/* Begin PBXShellScriptBuildPhase section */
		70E88EE1B17E41A3A51805BE = {
			isa = PBXShellScriptBuildPhase;
			buildActionMask = 2147483647;
			files = (
			);
			inputPaths = (
			);
			outputPaths = (
			);
			runOnlyForDeploymentPostprocessing = 0;
			shellPath = /bin/sh;
			shellScript = "# shell script goes here
exit 0";
			showEnvVarsInLog = 0;
		};
		816DD619A7E44060937C7113 /* CMake Rules */ = {
			isa = PBXShellScriptBuildPhase;
			buildActionMask = 2147483647;
			files = (
			);
			name = "CMake Rules";
			runOnlyForDeploymentPostprocessing = 0;
			shellPath = /bin/sh;
			shellScript = "make -C /Users/esevalero/Desktop/OnePointNav/modeling/xcode -f /Users/esevalero/Desktop/OnePointNav/modeling/xcode/CMakeScripts/ZERO_CHECK_cmakeRulesBuildPhase.make$CONFIGURATION all";
			showEnvVarsInLog = 0;
		};
		9C6A1EE5E50843C1B3E41A40 = {
			isa = PBXShellScriptBuildPhase;
			buildActionMask = 2147483647;
			files = (
			);
			inputPaths = (
			);
			outputPaths = (
			);
			runOnlyForDeploymentPostprocessing = 0;
			shellPath = /bin/sh;
			shellScript = "# shell script goes here
exit 0";
			showEnvVarsInLog = 0;
		};
		B75D5D2C88D946D586B8FF52 /* CMake PostBuild Rules */ = {
			isa = PBXShellScriptBuildPhase;
			buildActionMask = 2147483647;
			files = (
			);
			name = "CMake PostBuild Rules";
			runOnlyForDeploymentPostprocessing = 0;
			shellPath = /bin/sh;
			shellScript = "make -C /Users/esevalero/Desktop/OnePointNav/modeling/xcode -f /Users/esevalero/Desktop/OnePointNav/modeling/xcode/CMakeScripts/install_postBuildPhase.make$CONFIGURATION all";
			showEnvVarsInLog = 0;
		};
		BD2ADA85519F44BBB7D68A42 = {
			isa = PBXShellScriptBuildPhase;
			buildActionMask = 2147483647;
			files = (
			);
			inputPaths = (
			);
			outputPaths = (
			);
			runOnlyForDeploymentPostprocessing = 0;
			shellPath = /bin/sh;
			shellScript = "# shell script goes here
exit 0";
			showEnvVarsInLog = 0;
		};
		CB278168B72D406D99C2700E /* CMake Rules */ = {
			isa = PBXShellScriptBuildPhase;
			buildActionMask = 2147483647;
			files = (
			);
			name = "CMake Rules";
			runOnlyForDeploymentPostprocessing = 0;
			shellPath = /bin/sh;
			shellScript = "make -C /Users/esevalero/Desktop/OnePointNav/modeling/xcode -f /Users/esevalero/Desktop/OnePointNav/modeling/xcode/CMakeScripts/ALL_BUILD_cmakeRulesBuildPhase.make$CONFIGURATION all";
			showEnvVarsInLog = 0;
		};
/* End PBXShellScriptBuildPhase section */

/* Begin PBXSourcesBuildPhase section */
		8DC6E1DDD06A46EE88292FB4 /* Sources */ = {
			isa = PBXSourcesBuildPhase;
			buildActionMask = 2147483647;
			files = (
				4241717DF1484B9DA0F31794 /* /Users/esevalero/Desktop/OnePointNav/modeling/src/modeling.cc */,
			);
			runOnlyForDeploymentPostprocessing = 0;
		};
/* End PBXSourcesBuildPhase section */

/* Begin PBXTargetDependency section */
		1EE94C703A6E43069AF14F8D /* PBXTargetDependency */ = {
			isa = PBXTargetDependency;
			target = C703B253B2DA4ACB87492C37 /* ALL_BUILD */;
			targetProxy = 02063D1F4BC1478E9DC756F5 /* PBXContainerItemProxy */;
		};
		A6C6BDC965244A13AED307F4 /* PBXTargetDependency */ = {
			isa = PBXTargetDependency;
			target = C6F7512EF74A4E7099A60D0F /* modeling */;
			targetProxy = C687C5A9CA964CC48D891ECA /* PBXContainerItemProxy */;
		};
		AF874647E7444205B33449E7 /* PBXTargetDependency */ = {
			isa = PBXTargetDependency;
			target = EEC526A0A35040DDB54017EA /* ZERO_CHECK */;
			targetProxy = EE053CDB0EA948F39F9695A5 /* PBXContainerItemProxy */;
		};
		F01769D2143047A8912D0D69 /* PBXTargetDependency */ = {
			isa = PBXTargetDependency;
			target = EEC526A0A35040DDB54017EA /* ZERO_CHECK */;
			targetProxy = F2ADC86BE4604232A164CAA9 /* PBXContainerItemProxy */;
		};
/* End PBXTargetDependency section */

/* Begin XCBuildConfiguration section */
		1B600E2C380B47A899173CD0 /* Release */ = {
			isa = XCBuildConfiguration;
			buildSettings = {
				COMBINE_HIDPI_IMAGES = YES;
				GCC_GENERATE_DEBUGGING_SYMBOLS = YES;
				GCC_INLINES_ARE_PRIVATE_EXTERN = NO;
				GCC_OPTIMIZATION_LEVEL = 0;
				GCC_PREPROCESSOR_DEFINITIONS = ("'CMAKE_INTDIR=\"$(CONFIGURATION)$(EFFECTIVE_PLATFORM_NAME)\"'");
				GCC_SYMBOLS_PRIVATE_EXTERN = NO;
				INSTALL_PATH = "";
				OTHER_LDFLAGS = " ";
				OTHER_REZFLAGS = "";
				PRODUCT_NAME = ALL_BUILD;
				SECTORDER_FLAGS = "";
				SYMROOT = /Users/esevalero/Desktop/OnePointNav/modeling/xcode;
				USE_HEADERMAP = NO;
				WARNING_CFLAGS = ("-Wmost","-Wno-four-char-constants","-Wno-unknown-pragmas","$(inherited)");
			};
			name = Release;
		};
		27706C24EA864D449A679DB9 /* Release */ = {
			isa = XCBuildConfiguration;
			buildSettings = {
				COMBINE_HIDPI_IMAGES = YES;
				GCC_GENERATE_DEBUGGING_SYMBOLS = YES;
				GCC_INLINES_ARE_PRIVATE_EXTERN = NO;
				GCC_OPTIMIZATION_LEVEL = 0;
				GCC_PREPROCESSOR_DEFINITIONS = ("'CMAKE_INTDIR=\"$(CONFIGURATION)$(EFFECTIVE_PLATFORM_NAME)\"'");
				GCC_SYMBOLS_PRIVATE_EXTERN = NO;
				INSTALL_PATH = "";
				OTHER_LDFLAGS = " ";
				OTHER_REZFLAGS = "";
				PRODUCT_NAME = install;
				SECTORDER_FLAGS = "";
				SYMROOT = /Users/esevalero/Desktop/OnePointNav/modeling/xcode;
				USE_HEADERMAP = NO;
				WARNING_CFLAGS = ("-Wmost","-Wno-four-char-constants","-Wno-unknown-pragmas","$(inherited)");
			};
			name = Release;
		};
		357EB2B7E7604FB2BDEB9AE5 /* Debug */ = {
			isa = XCBuildConfiguration;
			buildSettings = {
				COMBINE_HIDPI_IMAGES = YES;
				EXECUTABLE_PREFIX = "";
				EXECUTABLE_SUFFIX = "";
				GCC_GENERATE_DEBUGGING_SYMBOLS = YES;
				GCC_INLINES_ARE_PRIVATE_EXTERN = NO;
				GCC_OPTIMIZATION_LEVEL = 0;
				GCC_PREPROCESSOR_DEFINITIONS = ("'CMAKE_INTDIR=\"$(CONFIGURATION)$(EFFECTIVE_PLATFORM_NAME)\"'");
				GCC_SYMBOLS_PRIVATE_EXTERN = NO;
				INSTALL_PATH = "";
				LIBRARY_SEARCH_PATHS = "";
				OTHER_CPLUSPLUSFLAGS = "     -std=c++14";
				OTHER_LDFLAGS = " -Wl,-search_paths_first -Wl,-headerpad_max_install_names  ";
				OTHER_REZFLAGS = "";
				PRODUCT_NAME = modeling;
				SECTORDER_FLAGS = "";
				SYMROOT = /Users/esevalero/Desktop/OnePointNav/modeling/xcode;
				USE_HEADERMAP = NO;
				WARNING_CFLAGS = ("-Wmost","-Wno-four-char-constants","-Wno-unknown-pragmas","$(inherited)");
			};
			name = Debug;
		};
		3A872F5AA5664577A85B41E5 /* Release */ = {
			isa = XCBuildConfiguration;
			buildSettings = {
				COMBINE_HIDPI_IMAGES = YES;
				GCC_GENERATE_DEBUGGING_SYMBOLS = YES;
				GCC_INLINES_ARE_PRIVATE_EXTERN = NO;
				GCC_OPTIMIZATION_LEVEL = 0;
				GCC_PREPROCESSOR_DEFINITIONS = ("'CMAKE_INTDIR=\"$(CONFIGURATION)$(EFFECTIVE_PLATFORM_NAME)\"'");
				GCC_SYMBOLS_PRIVATE_EXTERN = NO;
				INSTALL_PATH = "";
				OTHER_LDFLAGS = " ";
				OTHER_REZFLAGS = "";
				PRODUCT_NAME = ZERO_CHECK;
				SECTORDER_FLAGS = "";
				SYMROOT = /Users/esevalero/Desktop/OnePointNav/modeling/xcode;
				USE_HEADERMAP = NO;
				WARNING_CFLAGS = ("-Wmost","-Wno-four-char-constants","-Wno-unknown-pragmas","$(inherited)");
			};
			name = Release;
		};
		419806131169440E8D4872C3 /* RelWithDebInfo */ = {
			isa = XCBuildConfiguration;
			buildSettings = {
				COMBINE_HIDPI_IMAGES = YES;
				GCC_GENERATE_DEBUGGING_SYMBOLS = YES;
				GCC_INLINES_ARE_PRIVATE_EXTERN = NO;
				GCC_OPTIMIZATION_LEVEL = 0;
				GCC_PREPROCESSOR_DEFINITIONS = ("'CMAKE_INTDIR=\"$(CONFIGURATION)$(EFFECTIVE_PLATFORM_NAME)\"'");
				GCC_SYMBOLS_PRIVATE_EXTERN = NO;
				INSTALL_PATH = "";
				OTHER_LDFLAGS = " ";
				OTHER_REZFLAGS = "";
				PRODUCT_NAME = install;
				SECTORDER_FLAGS = "";
				SYMROOT = /Users/esevalero/Desktop/OnePointNav/modeling/xcode;
				USE_HEADERMAP = NO;
				WARNING_CFLAGS = ("-Wmost","-Wno-four-char-constants","-Wno-unknown-pragmas","$(inherited)");
			};
			name = RelWithDebInfo;
		};
		4EDC074C533A4CC4BB06B3BF /* MinSizeRel */ = {
			isa = XCBuildConfiguration;
			buildSettings = {
				COMBINE_HIDPI_IMAGES = YES;
				GCC_GENERATE_DEBUGGING_SYMBOLS = YES;
				GCC_INLINES_ARE_PRIVATE_EXTERN = NO;
				GCC_OPTIMIZATION_LEVEL = 0;
				GCC_PREPROCESSOR_DEFINITIONS = ("'CMAKE_INTDIR=\"$(CONFIGURATION)$(EFFECTIVE_PLATFORM_NAME)\"'");
				GCC_SYMBOLS_PRIVATE_EXTERN = NO;
				INSTALL_PATH = "";
				OTHER_LDFLAGS = " ";
				OTHER_REZFLAGS = "";
				PRODUCT_NAME = ZERO_CHECK;
				SECTORDER_FLAGS = "";
				SYMROOT = /Users/esevalero/Desktop/OnePointNav/modeling/xcode;
				USE_HEADERMAP = NO;
				WARNING_CFLAGS = ("-Wmost","-Wno-four-char-constants","-Wno-unknown-pragmas","$(inherited)");
			};
			name = MinSizeRel;
		};
		51EFD3A51E3043F88CFE79EB /* MinSizeRel */ = {
			isa = XCBuildConfiguration;
			buildSettings = {
				MACOSX_DEPLOYMENT_TARGET = 10.10;
				ONLY_ACTIVE_ARCH = YES;
				SDKROOT = /Applications/Xcode.app/Contents/Developer/Platforms/MacOSX.platform/Developer/SDKs/MacOSX10.11.sdk;
				SYMROOT = /Users/esevalero/Desktop/OnePointNav/modeling/xcode/build;
			};
			name = MinSizeRel;
		};
		538D36554CE447EFB65159B7 /* Debug */ = {
			isa = XCBuildConfiguration;
			buildSettings = {
				COMBINE_HIDPI_IMAGES = YES;
				GCC_GENERATE_DEBUGGING_SYMBOLS = YES;
				GCC_INLINES_ARE_PRIVATE_EXTERN = NO;
				GCC_OPTIMIZATION_LEVEL = 0;
				GCC_PREPROCESSOR_DEFINITIONS = ("'CMAKE_INTDIR=\"$(CONFIGURATION)$(EFFECTIVE_PLATFORM_NAME)\"'");
				GCC_SYMBOLS_PRIVATE_EXTERN = NO;
				INSTALL_PATH = "";
				OTHER_LDFLAGS = " ";
				OTHER_REZFLAGS = "";
				PRODUCT_NAME = ALL_BUILD;
				SECTORDER_FLAGS = "";
				SYMROOT = /Users/esevalero/Desktop/OnePointNav/modeling/xcode;
				USE_HEADERMAP = NO;
				WARNING_CFLAGS = ("-Wmost","-Wno-four-char-constants","-Wno-unknown-pragmas","$(inherited)");
			};
			name = Debug;
		};
		603814E71DF0456AA8641D73 /* Release */ = {
			isa = XCBuildConfiguration;
			buildSettings = {
				MACOSX_DEPLOYMENT_TARGET = 10.10;
				ONLY_ACTIVE_ARCH = YES;
				SDKROOT = /Applications/Xcode.app/Contents/Developer/Platforms/MacOSX.platform/Developer/SDKs/MacOSX10.11.sdk;
				SYMROOT = /Users/esevalero/Desktop/OnePointNav/modeling/xcode/build;
			};
			name = Release;
		};
		6E94C795136C4A7E9BA60EA7 /* Release */ = {
			isa = XCBuildConfiguration;
			buildSettings = {
				COMBINE_HIDPI_IMAGES = YES;
				EXECUTABLE_PREFIX = "";
				EXECUTABLE_SUFFIX = "";
				GCC_GENERATE_DEBUGGING_SYMBOLS = NO;
				GCC_INLINES_ARE_PRIVATE_EXTERN = NO;
				GCC_OPTIMIZATION_LEVEL = 3;
				GCC_PREPROCESSOR_DEFINITIONS = ("'CMAKE_INTDIR=\"$(CONFIGURATION)$(EFFECTIVE_PLATFORM_NAME)\"'");
				GCC_SYMBOLS_PRIVATE_EXTERN = NO;
				INSTALL_PATH = "";
				LIBRARY_SEARCH_PATHS = "";
				OTHER_CPLUSPLUSFLAGS = "    -DNDEBUG   -std=c++14";
				OTHER_LDFLAGS = " -Wl,-search_paths_first -Wl,-headerpad_max_install_names  ";
				OTHER_REZFLAGS = "";
				PRODUCT_NAME = modeling;
				SECTORDER_FLAGS = "";
				SYMROOT = /Users/esevalero/Desktop/OnePointNav/modeling/xcode;
				USE_HEADERMAP = NO;
				WARNING_CFLAGS = ("-Wmost","-Wno-four-char-constants","-Wno-unknown-pragmas","$(inherited)");
			};
			name = Release;
		};
		78B34402E3C744FBB00B38D3 /* MinSizeRel */ = {
			isa = XCBuildConfiguration;
			buildSettings = {
				COMBINE_HIDPI_IMAGES = YES;
				GCC_GENERATE_DEBUGGING_SYMBOLS = YES;
				GCC_INLINES_ARE_PRIVATE_EXTERN = NO;
				GCC_OPTIMIZATION_LEVEL = 0;
				GCC_PREPROCESSOR_DEFINITIONS = ("'CMAKE_INTDIR=\"$(CONFIGURATION)$(EFFECTIVE_PLATFORM_NAME)\"'");
				GCC_SYMBOLS_PRIVATE_EXTERN = NO;
				INSTALL_PATH = "";
				OTHER_LDFLAGS = " ";
				OTHER_REZFLAGS = "";
				PRODUCT_NAME = install;
				SECTORDER_FLAGS = "";
				SYMROOT = /Users/esevalero/Desktop/OnePointNav/modeling/xcode;
				USE_HEADERMAP = NO;
				WARNING_CFLAGS = ("-Wmost","-Wno-four-char-constants","-Wno-unknown-pragmas","$(inherited)");
			};
			name = MinSizeRel;
		};
		8AE9ACC23FDD4A0EBEEDB719 /* RelWithDebInfo */ = {
			isa = XCBuildConfiguration;
			buildSettings = {
				MACOSX_DEPLOYMENT_TARGET = 10.10;
				ONLY_ACTIVE_ARCH = YES;
				SDKROOT = /Applications/Xcode.app/Contents/Developer/Platforms/MacOSX.platform/Developer/SDKs/MacOSX10.11.sdk;
				SYMROOT = /Users/esevalero/Desktop/OnePointNav/modeling/xcode/build;
			};
			name = RelWithDebInfo;
		};
		90CD60DE7B7944C8AAD20E72 /* MinSizeRel */ = {
			isa = XCBuildConfiguration;
			buildSettings = {
				COMBINE_HIDPI_IMAGES = YES;
				EXECUTABLE_PREFIX = "";
				EXECUTABLE_SUFFIX = "";
				GCC_GENERATE_DEBUGGING_SYMBOLS = NO;
				GCC_INLINES_ARE_PRIVATE_EXTERN = NO;
				GCC_OPTIMIZATION_LEVEL = s;
				GCC_PREPROCESSOR_DEFINITIONS = ("'CMAKE_INTDIR=\"$(CONFIGURATION)$(EFFECTIVE_PLATFORM_NAME)\"'");
				GCC_SYMBOLS_PRIVATE_EXTERN = NO;
				INSTALL_PATH = "";
				LIBRARY_SEARCH_PATHS = "";
				OTHER_CPLUSPLUSFLAGS = "    -DNDEBUG   -std=c++14";
				OTHER_LDFLAGS = " -Wl,-search_paths_first -Wl,-headerpad_max_install_names  ";
				OTHER_REZFLAGS = "";
				PRODUCT_NAME = modeling;
				SECTORDER_FLAGS = "";
				SYMROOT = /Users/esevalero/Desktop/OnePointNav/modeling/xcode;
				USE_HEADERMAP = NO;
				WARNING_CFLAGS = ("-Wmost","-Wno-four-char-constants","-Wno-unknown-pragmas","$(inherited)");
			};
			name = MinSizeRel;
		};
		A452972BBD6542D78072AC7D /* MinSizeRel */ = {
			isa = XCBuildConfiguration;
			buildSettings = {
				COMBINE_HIDPI_IMAGES = YES;
				GCC_GENERATE_DEBUGGING_SYMBOLS = YES;
				GCC_INLINES_ARE_PRIVATE_EXTERN = NO;
				GCC_OPTIMIZATION_LEVEL = 0;
				GCC_PREPROCESSOR_DEFINITIONS = ("'CMAKE_INTDIR=\"$(CONFIGURATION)$(EFFECTIVE_PLATFORM_NAME)\"'");
				GCC_SYMBOLS_PRIVATE_EXTERN = NO;
				INSTALL_PATH = "";
				OTHER_LDFLAGS = " ";
				OTHER_REZFLAGS = "";
				PRODUCT_NAME = ALL_BUILD;
				SECTORDER_FLAGS = "";
				SYMROOT = /Users/esevalero/Desktop/OnePointNav/modeling/xcode;
				USE_HEADERMAP = NO;
				WARNING_CFLAGS = ("-Wmost","-Wno-four-char-constants","-Wno-unknown-pragmas","$(inherited)");
			};
			name = MinSizeRel;
		};
		BDECCB41A80A419FB0BF0A8D /* Debug */ = {
			isa = XCBuildConfiguration;
			buildSettings = {
				COMBINE_HIDPI_IMAGES = YES;
				GCC_GENERATE_DEBUGGING_SYMBOLS = YES;
				GCC_INLINES_ARE_PRIVATE_EXTERN = NO;
				GCC_OPTIMIZATION_LEVEL = 0;
				GCC_PREPROCESSOR_DEFINITIONS = ("'CMAKE_INTDIR=\"$(CONFIGURATION)$(EFFECTIVE_PLATFORM_NAME)\"'");
				GCC_SYMBOLS_PRIVATE_EXTERN = NO;
				INSTALL_PATH = "";
				OTHER_LDFLAGS = " ";
				OTHER_REZFLAGS = "";
				PRODUCT_NAME = ZERO_CHECK;
				SECTORDER_FLAGS = "";
				SYMROOT = /Users/esevalero/Desktop/OnePointNav/modeling/xcode;
				USE_HEADERMAP = NO;
				WARNING_CFLAGS = ("-Wmost","-Wno-four-char-constants","-Wno-unknown-pragmas","$(inherited)");
			};
			name = Debug;
		};
		C799E0F1E1B74D9BA765B47A /* RelWithDebInfo */ = {
			isa = XCBuildConfiguration;
			buildSettings = {
				COMBINE_HIDPI_IMAGES = YES;
				GCC_GENERATE_DEBUGGING_SYMBOLS = YES;
				GCC_INLINES_ARE_PRIVATE_EXTERN = NO;
				GCC_OPTIMIZATION_LEVEL = 0;
				GCC_PREPROCESSOR_DEFINITIONS = ("'CMAKE_INTDIR=\"$(CONFIGURATION)$(EFFECTIVE_PLATFORM_NAME)\"'");
				GCC_SYMBOLS_PRIVATE_EXTERN = NO;
				INSTALL_PATH = "";
				OTHER_LDFLAGS = " ";
				OTHER_REZFLAGS = "";
				PRODUCT_NAME = ALL_BUILD;
				SECTORDER_FLAGS = "";
				SYMROOT = /Users/esevalero/Desktop/OnePointNav/modeling/xcode;
				USE_HEADERMAP = NO;
				WARNING_CFLAGS = ("-Wmost","-Wno-four-char-constants","-Wno-unknown-pragmas","$(inherited)");
			};
			name = RelWithDebInfo;
		};
		C8B611319760480DB305D2C3 /* Debug */ = {
			isa = XCBuildConfiguration;
			buildSettings = {
				MACOSX_DEPLOYMENT_TARGET = 10.10;
				ONLY_ACTIVE_ARCH = YES;
				SDKROOT = /Applications/Xcode.app/Contents/Developer/Platforms/MacOSX.platform/Developer/SDKs/MacOSX10.11.sdk;
				SYMROOT = /Users/esevalero/Desktop/OnePointNav/modeling/xcode/build;
			};
			name = Debug;
		};
		DDB6EBD1C478400C8EE92162 /* RelWithDebInfo */ = {
			isa = XCBuildConfiguration;
			buildSettings = {
				COMBINE_HIDPI_IMAGES = YES;
				EXECUTABLE_PREFIX = "";
				EXECUTABLE_SUFFIX = "";
				GCC_GENERATE_DEBUGGING_SYMBOLS = YES;
				GCC_INLINES_ARE_PRIVATE_EXTERN = NO;
				GCC_OPTIMIZATION_LEVEL = 2;
				GCC_PREPROCESSOR_DEFINITIONS = ("'CMAKE_INTDIR=\"$(CONFIGURATION)$(EFFECTIVE_PLATFORM_NAME)\"'");
				GCC_SYMBOLS_PRIVATE_EXTERN = NO;
				INSTALL_PATH = "";
				LIBRARY_SEARCH_PATHS = "";
				OTHER_CPLUSPLUSFLAGS = "       -DNDEBUG   -std=c++14";
				OTHER_LDFLAGS = " -Wl,-search_paths_first -Wl,-headerpad_max_install_names  ";
				OTHER_REZFLAGS = "";
				PRODUCT_NAME = modeling;
				SECTORDER_FLAGS = "";
				SYMROOT = /Users/esevalero/Desktop/OnePointNav/modeling/xcode;
				USE_HEADERMAP = NO;
				WARNING_CFLAGS = ("-Wmost","-Wno-four-char-constants","-Wno-unknown-pragmas","$(inherited)");
			};
			name = RelWithDebInfo;
		};
		DE584C190BDC49FFA2BB4EFF /* RelWithDebInfo */ = {
			isa = XCBuildConfiguration;
			buildSettings = {
				COMBINE_HIDPI_IMAGES = YES;
				GCC_GENERATE_DEBUGGING_SYMBOLS = YES;
				GCC_INLINES_ARE_PRIVATE_EXTERN = NO;
				GCC_OPTIMIZATION_LEVEL = 0;
				GCC_PREPROCESSOR_DEFINITIONS = ("'CMAKE_INTDIR=\"$(CONFIGURATION)$(EFFECTIVE_PLATFORM_NAME)\"'");
				GCC_SYMBOLS_PRIVATE_EXTERN = NO;
				INSTALL_PATH = "";
				OTHER_LDFLAGS = " ";
				OTHER_REZFLAGS = "";
				PRODUCT_NAME = ZERO_CHECK;
				SECTORDER_FLAGS = "";
				SYMROOT = /Users/esevalero/Desktop/OnePointNav/modeling/xcode;
				USE_HEADERMAP = NO;
				WARNING_CFLAGS = ("-Wmost","-Wno-four-char-constants","-Wno-unknown-pragmas","$(inherited)");
			};
			name = RelWithDebInfo;
		};
		E51D6BFCF0E84EF48338B3A1 /* Debug */ = {
			isa = XCBuildConfiguration;
			buildSettings = {
				COMBINE_HIDPI_IMAGES = YES;
				GCC_GENERATE_DEBUGGING_SYMBOLS = YES;
				GCC_INLINES_ARE_PRIVATE_EXTERN = NO;
				GCC_OPTIMIZATION_LEVEL = 0;
				GCC_PREPROCESSOR_DEFINITIONS = ("'CMAKE_INTDIR=\"$(CONFIGURATION)$(EFFECTIVE_PLATFORM_NAME)\"'");
				GCC_SYMBOLS_PRIVATE_EXTERN = NO;
				INSTALL_PATH = "";
				OTHER_LDFLAGS = " ";
				OTHER_REZFLAGS = "";
				PRODUCT_NAME = install;
				SECTORDER_FLAGS = "";
				SYMROOT = /Users/esevalero/Desktop/OnePointNav/modeling/xcode;
				USE_HEADERMAP = NO;
				WARNING_CFLAGS = ("-Wmost","-Wno-four-char-constants","-Wno-unknown-pragmas","$(inherited)");
			};
			name = Debug;
		};
/* End XCBuildConfiguration section */

/* Begin XCConfigurationList section */
		06FE1281F1F6472889855F65 /* Build configuration list for PBXProject "modeling" */ = {
			isa = XCConfigurationList;
			buildConfigurations = (
				C8B611319760480DB305D2C3 /* Debug */,
				603814E71DF0456AA8641D73 /* Release */,
				51EFD3A51E3043F88CFE79EB /* MinSizeRel */,
				8AE9ACC23FDD4A0EBEEDB719 /* RelWithDebInfo */,
			);
			defaultConfigurationIsVisible = 0;
			defaultConfigurationName = Debug;
		};
		210009D756B64295AA4C0099 /* Build configuration list for PBXAggregateTarget "install" */ = {
			isa = XCConfigurationList;
			buildConfigurations = (
				E51D6BFCF0E84EF48338B3A1 /* Debug */,
				27706C24EA864D449A679DB9 /* Release */,
				78B34402E3C744FBB00B38D3 /* MinSizeRel */,
				419806131169440E8D4872C3 /* RelWithDebInfo */,
			);
			defaultConfigurationIsVisible = 0;
			defaultConfigurationName = Debug;
		};
		8F0508707E5B459D8D397A3C /* Build configuration list for PBXAggregateTarget "ZERO_CHECK" */ = {
			isa = XCConfigurationList;
			buildConfigurations = (
				BDECCB41A80A419FB0BF0A8D /* Debug */,
				3A872F5AA5664577A85B41E5 /* Release */,
				4EDC074C533A4CC4BB06B3BF /* MinSizeRel */,
				DE584C190BDC49FFA2BB4EFF /* RelWithDebInfo */,
			);
			defaultConfigurationIsVisible = 0;
			defaultConfigurationName = Debug;
		};
		E2B0418053F24C19845825A0 /* Build configuration list for PBXNativeTarget "modeling" */ = {
			isa = XCConfigurationList;
			buildConfigurations = (
				357EB2B7E7604FB2BDEB9AE5 /* Debug */,
				6E94C795136C4A7E9BA60EA7 /* Release */,
				90CD60DE7B7944C8AAD20E72 /* MinSizeRel */,
				DDB6EBD1C478400C8EE92162 /* RelWithDebInfo */,
			);
			defaultConfigurationIsVisible = 0;
			defaultConfigurationName = Debug;
		};
		F87A332A540648F2B9B932CF /* Build configuration list for PBXAggregateTarget "ALL_BUILD" */ = {
			isa = XCConfigurationList;
			buildConfigurations = (
				538D36554CE447EFB65159B7 /* Debug */,
				1B600E2C380B47A899173CD0 /* Release */,
				A452972BBD6542D78072AC7D /* MinSizeRel */,
				C799E0F1E1B74D9BA765B47A /* RelWithDebInfo */,
			);
			defaultConfigurationIsVisible = 0;
			defaultConfigurationName = Debug;
		};
/* End XCConfigurationList section */
	};
	rootObject = 230EFFDC2F6A49A491D39E69 /* Project object */;
}
